// !$*UTF8*$!
{
	archiveVersion = 1;
	classes = {
	};
	objectVersion = 52;
	objects = {

/* Begin PBXBuildFile section */
		2FE342CE26A1FF8100352D1E /* UIViewController+Toast.swift in Sources */ = {isa = PBXBuildFile; fileRef = 2FE342CD26A1FF8100352D1E /* UIViewController+Toast.swift */; };
		2FE342D026A2846100352D1E /* Location.swift in Sources */ = {isa = PBXBuildFile; fileRef = 2FE342CF26A2846100352D1E /* Location.swift */; };
		4760DD5C0E5548BBA92D25AF /* Pods_American_Whitewater.framework in Frameworks */ = {isa = PBXBuildFile; fileRef = A750E2F24748D3B54A1DEB84 /* Pods_American_Whitewater.framework */; };
		4A36D1E726A6749E00C85B79 /* UIImagePickerController+FullResolutionEditedImage.swift in Sources */ = {isa = PBXBuildFile; fileRef = 4A36D1E626A6749E00C85B79 /* UIImagePickerController+FullResolutionEditedImage.swift */; };
		4AC4BB5A26A0F5B50058D8B7 /* NewsArticle+CoreDataClass.swift in Sources */ = {isa = PBXBuildFile; fileRef = 4AC4BB5826A0F5B50058D8B7 /* NewsArticle+CoreDataClass.swift */; };
		4AC4BB5B26A0F5B50058D8B7 /* NewsArticle+CoreDataProperties.swift in Sources */ = {isa = PBXBuildFile; fileRef = 4AC4BB5926A0F5B50058D8B7 /* NewsArticle+CoreDataProperties.swift */; };
		630586642350428800A436BE /* RunRapidDetailsTableViewController.swift in Sources */ = {isa = PBXBuildFile; fileRef = 630586632350428800A436BE /* RunRapidDetailsTableViewController.swift */; };
		63081BF8236B2EDE00FC3823 /* GoogleService-Info.plist in Resources */ = {isa = PBXBuildFile; fileRef = 63081BF7236B2EDE00FC3823 /* GoogleService-Info.plist */; };
		63081BFA236B2F8500FC3823 /* OpenTerminal.sh in Resources */ = {isa = PBXBuildFile; fileRef = 63081BF9236B2F8500FC3823 /* OpenTerminal.sh */; };
		630F3D222465F4160077130D /* NanoID.swift in Sources */ = {isa = PBXBuildFile; fileRef = 630F3D212465F4160077130D /* NanoID.swift */; };
		630F7EC825C3439000F17D8A /* LoadingRiversCell.swift in Sources */ = {isa = PBXBuildFile; fileRef = 630F7EC725C3439000F17D8A /* LoadingRiversCell.swift */; };
		63164494246C07C700807E19 /* UIRefreshControl+ManualRefresh.swift in Sources */ = {isa = PBXBuildFile; fileRef = 63164493246C07C700807E19 /* UIRefreshControl+ManualRefresh.swift */; };
		63164496246C08AA00807E19 /* AWProgress.swift in Sources */ = {isa = PBXBuildFile; fileRef = 63164495246C08AA00807E19 /* AWProgress.swift */; };
		63164498246C1C6D00807E19 /* UITextView+HTML.swift in Sources */ = {isa = PBXBuildFile; fileRef = 63164497246C1C6D00807E19 /* UITextView+HTML.swift */; };
		6316449C246CAAD200807E19 /* awLocal.png in Resources */ = {isa = PBXBuildFile; fileRef = 6316449B246CAAD100807E19 /* awLocal.png */; };
		6316449E246CAE3C00807E19 /* awLocal2.jpg in Resources */ = {isa = PBXBuildFile; fileRef = 6316449D246CAE3A00807E19 /* awLocal2.jpg */; };
		631644A0246ED6B100807E19 /* UIImage+AsyncURLLoad.swift in Sources */ = {isa = PBXBuildFile; fileRef = 6316449F246ED6B100807E19 /* UIImage+AsyncURLLoad.swift */; };
		631644A2246ED80C00807E19 /* UIButton+UrlImageLoad.swift in Sources */ = {isa = PBXBuildFile; fileRef = 631644A1246ED80B00807E19 /* UIButton+UrlImageLoad.swift */; };
		631B3573237C722200738889 /* OpenSans-ExtraBoldItalic.ttf in Resources */ = {isa = PBXBuildFile; fileRef = 631B3572237C722200738889 /* OpenSans-ExtraBoldItalic.ttf */; };
		631EFF9923677C4000BA17F7 /* Article+CoreDataClass.swift in Sources */ = {isa = PBXBuildFile; fileRef = 631EFF9723677C4000BA17F7 /* Article+CoreDataClass.swift */; };
		631EFF9A23677C4000BA17F7 /* Article+CoreDataProperties.swift in Sources */ = {isa = PBXBuildFile; fileRef = 631EFF9823677C4000BA17F7 /* Article+CoreDataProperties.swift */; };
		631EFF9D23677C8900BA17F7 /* Reach+CoreDataClass.swift in Sources */ = {isa = PBXBuildFile; fileRef = 631EFF9B23677C8800BA17F7 /* Reach+CoreDataClass.swift */; };
		631EFFA123677CB600BA17F7 /* Rapid+CoreDataClass.swift in Sources */ = {isa = PBXBuildFile; fileRef = 631EFF9F23677CB600BA17F7 /* Rapid+CoreDataClass.swift */; };
		631EFFA223677CB600BA17F7 /* Rapid+CoreDataProperties.swift in Sources */ = {isa = PBXBuildFile; fileRef = 631EFFA023677CB600BA17F7 /* Rapid+CoreDataProperties.swift */; };
		631EFFA42367842300BA17F7 /* DifficultyHelper.swift in Sources */ = {isa = PBXBuildFile; fileRef = 631EFFA32367842300BA17F7 /* DifficultyHelper.swift */; };
		631EFFAB23688A3600BA17F7 /* Reach+CoreDataProperties.swift in Sources */ = {isa = PBXBuildFile; fileRef = 631EFFAA23688A3600BA17F7 /* Reach+CoreDataProperties.swift */; };
		63203C0E23694BFF006A4148 /* Reach.swift in Sources */ = {isa = PBXBuildFile; fileRef = 63203C0D23694BFF006A4148 /* Reach.swift */; };
		63203C1023694C59006A4148 /* Runnable.swift in Sources */ = {isa = PBXBuildFile; fileRef = 63203C0F23694C59006A4148 /* Runnable.swift */; };
		63309E32233D965500E6DBC4 /* AboutAWViewController.swift in Sources */ = {isa = PBXBuildFile; fileRef = 63309E31233D965500E6DBC4 /* AboutAWViewController.swift */; };
		63309E36233DA29000E6DBC4 /* MoreTableViewController.swift in Sources */ = {isa = PBXBuildFile; fileRef = 63309E35233DA29000E6DBC4 /* MoreTableViewController.swift */; };
		63309E38233DA2AC00E6DBC4 /* StoreKit.framework in Frameworks */ = {isa = PBXBuildFile; fileRef = 63309E37233DA2AC00E6DBC4 /* StoreKit.framework */; };
		63309E3A233DACAD00E6DBC4 /* MessageUI.framework in Frameworks */ = {isa = PBXBuildFile; fileRef = 63309E39233DACAD00E6DBC4 /* MessageUI.framework */; };
		63309E3D233E739C00E6DBC4 /* MapViewController.swift in Sources */ = {isa = PBXBuildFile; fileRef = 63309E3C233E739C00E6DBC4 /* MapViewController.swift */; };
		63309E3F233E73AA00E6DBC4 /* MapKit.framework in Frameworks */ = {isa = PBXBuildFile; fileRef = 63309E3E233E73AA00E6DBC4 /* MapKit.framework */; };
		63309E43234166BB00E6DBC4 /* FilterViewController.swift in Sources */ = {isa = PBXBuildFile; fileRef = 63309E42234166BB00E6DBC4 /* FilterViewController.swift */; };
		63309E452343D9B500E6DBC4 /* NoRiversTableViewCell.swift in Sources */ = {isa = PBXBuildFile; fileRef = 63309E442343D9B500E6DBC4 /* NoRiversTableViewCell.swift */; };
		633117092373172100D5EEFB /* AWRapid.swift in Sources */ = {isa = PBXBuildFile; fileRef = 633117082373172100D5EEFB /* AWRapid.swift */; };
		63387B6322CDBFFC0089BAA8 /* AppDelegate.swift in Sources */ = {isa = PBXBuildFile; fileRef = 63387B6222CDBFFC0089BAA8 /* AppDelegate.swift */; };
		63387B6822CDBFFC0089BAA8 /* Main.storyboard in Resources */ = {isa = PBXBuildFile; fileRef = 63387B6622CDBFFC0089BAA8 /* Main.storyboard */; };
		63387B6A22CDBFFE0089BAA8 /* Assets.xcassets in Resources */ = {isa = PBXBuildFile; fileRef = 63387B6922CDBFFE0089BAA8 /* Assets.xcassets */; };
		63387B6D22CDBFFE0089BAA8 /* LaunchScreen.storyboard in Resources */ = {isa = PBXBuildFile; fileRef = 63387B6B22CDBFFE0089BAA8 /* LaunchScreen.storyboard */; };
		634154B925242191009DD31D /* AccountInfo.graphql in Resources */ = {isa = PBXBuildFile; fileRef = 634154B825242191009DD31D /* AccountInfo.graphql */; };
		634154C1252BDD2E009DD31D /* News.graphql in Resources */ = {isa = PBXBuildFile; fileRef = 634154C0252BDD2E009DD31D /* News.graphql */; };
		634154C5252BDE1A009DD31D /* AWGQLArticleApiHelper.swift in Sources */ = {isa = PBXBuildFile; fileRef = 634154C4252BDE1A009DD31D /* AWGQLArticleApiHelper.swift */; };
		6342A3E92385A3A400B54365 /* UISearchBar+UITextFieldColor.swift in Sources */ = {isa = PBXBuildFile; fileRef = 6342A3E82385A3A400B54365 /* UISearchBar+UITextFieldColor.swift */; };
		6342A3EB2385AD3500B54365 /* MKMapView+FitAnnotations.swift in Sources */ = {isa = PBXBuildFile; fileRef = 6342A3EA2385AD3500B54365 /* MKMapView+FitAnnotations.swift */; };
		63432D462540DA340037AA37 /* UISegmentedControl+Colors.swift in Sources */ = {isa = PBXBuildFile; fileRef = 63432D452540DA340037AA37 /* UISegmentedControl+Colors.swift */; };
		63491B03232882170036A906 /* NewsTableViewCell.swift in Sources */ = {isa = PBXBuildFile; fileRef = 63491B02232882170036A906 /* NewsTableViewCell.swift */; };
		63491B05232897BE0036A906 /* SingleArticleViewController.swift in Sources */ = {isa = PBXBuildFile; fileRef = 63491B04232897BE0036A906 /* SingleArticleViewController.swift */; };
		63491B0723289A440036A906 /* WebKit.framework in Frameworks */ = {isa = PBXBuildFile; fileRef = 63491B0623289A430036A906 /* WebKit.framework */; };
		63491B092328A1DF0036A906 /* AWReach.swift in Sources */ = {isa = PBXBuildFile; fileRef = 63491B082328A1DF0036A906 /* AWReach.swift */; };
		63491B0B2328A2250036A906 /* RunsListViewController.swift in Sources */ = {isa = PBXBuildFile; fileRef = 63491B0A2328A2250036A906 /* RunsListViewController.swift */; };
		63491B0D2328A2800036A906 /* RunsListTableViewCell.swift in Sources */ = {isa = PBXBuildFile; fileRef = 63491B0C2328A2800036A906 /* RunsListTableViewCell.swift */; };
		63491B0F2328D72D0036A906 /* UIColor+Hex.swift in Sources */ = {isa = PBXBuildFile; fileRef = 63491B0E2328D72D0036A906 /* UIColor+Hex.swift */; };
		63491B11232933370036A906 /* RunDetailTableViewController.swift in Sources */ = {isa = PBXBuildFile; fileRef = 63491B10232933370036A906 /* RunDetailTableViewController.swift */; };
		63491B16232952E30036A906 /* FavoritesViewController.swift in Sources */ = {isa = PBXBuildFile; fileRef = 63491B15232952E30036A906 /* FavoritesViewController.swift */; };
		635141FB2460947A00B4F974 /* AddAlertTableViewController.swift in Sources */ = {isa = PBXBuildFile; fileRef = 635141FA2460947A00B4F974 /* AddAlertTableViewController.swift */; };
		635490F2247FED730082270E /* GQLError.swift in Sources */ = {isa = PBXBuildFile; fileRef = 635490F1247FED720082270E /* GQLError.swift */; };
		6375A3A12540A79F005925C1 /* GageDetailsTableViewController.swift in Sources */ = {isa = PBXBuildFile; fileRef = 6375A3A02540A79F005925C1 /* GageDetailsTableViewController.swift */; };
		6376508B2487E15100DD0FCE /* ProgressViewController.swift in Sources */ = {isa = PBXBuildFile; fileRef = 6376508A2487E15100DD0FCE /* ProgressViewController.swift */; };
		6376508D2487E8AB00DD0FCE /* AWProgressModal.swift in Sources */ = {isa = PBXBuildFile; fileRef = 6376508C2487E8AB00DD0FCE /* AWProgressModal.swift */; };
		637D0737236B541000BE90D0 /* UISearchBar+BGColor.swift in Sources */ = {isa = PBXBuildFile; fileRef = 637D0736236B541000BE90D0 /* UISearchBar+BGColor.swift */; };
		637FF784236B33F300F18400 /* NotificationService.swift in Sources */ = {isa = PBXBuildFile; fileRef = 637FF783236B33F300F18400 /* NotificationService.swift */; };
		637FF788236B33F300F18400 /* OneSignalNotificationServiceExtension.appex in Embed App Extensions */ = {isa = PBXBuildFile; fileRef = 637FF781236B33F300F18400 /* OneSignalNotificationServiceExtension.appex */; settings = {ATTRIBUTES = (RemoveHeadersOnCopy, ); }; };
		638811CC23EE09780068D2A0 /* Upload-dSyms.txt in Resources */ = {isa = PBXBuildFile; fileRef = 638811CB23EE09780068D2A0 /* Upload-dSyms.txt */; };
		6389BFAE234CC59E00DE7D6C /* RunMapViewController.swift in Sources */ = {isa = PBXBuildFile; fileRef = 6389BFAD234CC59E00DE7D6C /* RunMapViewController.swift */; };
		6389BFB0234E311500DE7D6C /* RunMapAnnotation.swift in Sources */ = {isa = PBXBuildFile; fileRef = 6389BFAF234E311500DE7D6C /* RunMapAnnotation.swift */; };
		6392147825A634350042E97E /* GageInfoForReach.graphql in Resources */ = {isa = PBXBuildFile; fileRef = 6392147725A634350042E97E /* GageInfoForReach.graphql */; };
		639350C22475929900577027 /* AddRiverFlowTableViewController.swift in Sources */ = {isa = PBXBuildFile; fileRef = 639350C12475929900577027 /* AddRiverFlowTableViewController.swift */; };
		63949955246F0DD40061552C /* AwImageCell.swift in Sources */ = {isa = PBXBuildFile; fileRef = 63949954246F0DD40061552C /* AwImageCell.swift */; };
		63949957246F107A0061552C /* GalleryViewController.swift in Sources */ = {isa = PBXBuildFile; fileRef = 63949956246F107A0061552C /* GalleryViewController.swift */; };
		63949959246F15C10061552C /* AddButtonCell.swift in Sources */ = {isa = PBXBuildFile; fileRef = 63949958246F15C10061552C /* AddButtonCell.swift */; };
		6394995B246F6EA70061552C /* GlobalConfig.swift in Sources */ = {isa = PBXBuildFile; fileRef = 6394995A246F6EA70061552C /* GlobalConfig.swift */; };
		6394995D246F82F70061552C /* ReviewPhotoTableViewController.swift in Sources */ = {isa = PBXBuildFile; fileRef = 6394995C246F82F60061552C /* ReviewPhotoTableViewController.swift */; };
		63A276D4242961A400EDAD69 /* SignInViewController.swift in Sources */ = {isa = PBXBuildFile; fileRef = 63A276D3242961A400EDAD69 /* SignInViewController.swift */; };
		63A6FD672363EEA200148231 /* AWApiArticleHelper.swift in Sources */ = {isa = PBXBuildFile; fileRef = 63A6FD662363EEA200148231 /* AWApiArticleHelper.swift */; };
		63A6FD692367730C00148231 /* AWApiReachHelper.swift in Sources */ = {isa = PBXBuildFile; fileRef = 63A6FD682367730C00148231 /* AWApiReachHelper.swift */; };
		63A6FD6B2367748F00148231 /* AWApiLinks.swift in Sources */ = {isa = PBXBuildFile; fileRef = 63A6FD6A2367748F00148231 /* AWApiLinks.swift */; };
		63A8B17D23281A8A00FD2E00 /* AWArticle.swift in Sources */ = {isa = PBXBuildFile; fileRef = 63A8B17C23281A8A00FD2E00 /* AWArticle.swift */; };
		63B5B48F245756D40062F54B /* AlertTableViewCell.swift in Sources */ = {isa = PBXBuildFile; fileRef = 63B5B48E245756D40062F54B /* AlertTableViewCell.swift */; };
		63B5B492245770270062F54B /* Apollo in Frameworks */ = {isa = PBXBuildFile; productRef = 63B5B491245770270062F54B /* Apollo */; };
		63B5B494245770270062F54B /* ApolloWebSocket in Frameworks */ = {isa = PBXBuildFile; productRef = 63B5B493245770270062F54B /* ApolloWebSocket */; };
		63B5B49E2457B2270062F54B /* AwGraphQLAPI.swift in Sources */ = {isa = PBXBuildFile; fileRef = 63B5B49D2457B2270062F54B /* AwGraphQLAPI.swift */; };
		63B5B4A02457B2750062F54B /* AWGQLApiHelper.swift in Sources */ = {isa = PBXBuildFile; fileRef = 63B5B49F2457B2750062F54B /* AWGQLApiHelper.swift */; };
		63B5B4A324589EAB0062F54B /* RunAccidentsViewController.swift in Sources */ = {isa = PBXBuildFile; fileRef = 63B5B4A224589EAB0062F54B /* RunAccidentsViewController.swift */; };
		63B5B4A524589EC40062F54B /* AccidentTableViewCell.swift in Sources */ = {isa = PBXBuildFile; fileRef = 63B5B4A424589EC40062F54B /* AccidentTableViewCell.swift */; };
		63B5B4A724591A460062F54B /* RunAccidentDetailsTableViewController.swift in Sources */ = {isa = PBXBuildFile; fileRef = 63B5B4A624591A460062F54B /* RunAccidentDetailsTableViewController.swift */; };
		63B5B4A92459298F0062F54B /* UILabel+HTML.swift in Sources */ = {isa = PBXBuildFile; fileRef = 63B5B4A82459298F0062F54B /* UILabel+HTML.swift */; };
		63B5B4AC2459CB3B0062F54B /* AWImagePicker.swift in Sources */ = {isa = PBXBuildFile; fileRef = 63B5B4AB2459CB3B0062F54B /* AWImagePicker.swift */; };
		63C1DAC1235FEEFA00587A20 /* AmericanWhitewaterV2.xcdatamodeld in Sources */ = {isa = PBXBuildFile; fileRef = 63C1DABF235FEEFA00587A20 /* AmericanWhitewaterV2.xcdatamodeld */; };
		63CB41C024905B6500CCFFD5 /* WhatsNewViewController.swift in Sources */ = {isa = PBXBuildFile; fileRef = 63CB41BF24905B6500CCFFD5 /* WhatsNewViewController.swift */; };
		63D7BD152319774500935693 /* Regions.swift in Sources */ = {isa = PBXBuildFile; fileRef = 63D7BD142319774500935693 /* Regions.swift */; };
		63D7BD172319980600935693 /* OnboardLocationViewController.swift in Sources */ = {isa = PBXBuildFile; fileRef = 63D7BD162319980600935693 /* OnboardLocationViewController.swift */; };
		63D7BD1923199D1900935693 /* DuffekDialog.swift in Sources */ = {isa = PBXBuildFile; fileRef = 63D7BD1823199D1900935693 /* DuffekDialog.swift */; };
		63D7BD1F231A205500935693 /* NewsTableViewController.swift in Sources */ = {isa = PBXBuildFile; fileRef = 63D7BD1E231A205500935693 /* NewsTableViewController.swift */; };
		63DEE01D24ABB35600638E84 /* RiverFlowsViewController.swift in Sources */ = {isa = PBXBuildFile; fileRef = 63DEE01C24ABB35600638E84 /* RiverFlowsViewController.swift */; };
		63DEE01F24ABB3EC00638E84 /* RiverFlowCell.swift in Sources */ = {isa = PBXBuildFile; fileRef = 63DEE01E24ABB3EC00638E84 /* RiverFlowCell.swift */; };
		63DEE02324AE7FB700638E84 /* Observations.graphql in Resources */ = {isa = PBXBuildFile; fileRef = 63DEE02224AE7FB700638E84 /* Observations.graphql */; };
		63DEF1B12450A7BF0034E3CF /* RunAlertsViewController.swift in Sources */ = {isa = PBXBuildFile; fileRef = 63DEF1B02450A7BF0034E3CF /* RunAlertsViewController.swift */; };
		63E0B22C23A3EDDE00A348FC /* MKMapView+FitAll.swift in Sources */ = {isa = PBXBuildFile; fileRef = 63E0B22B23A3EDDE00A348FC /* MKMapView+FitAll.swift */; };
		63E32B1A2357F2A40057DE34 /* FilterRegionCollectionViewCell.swift in Sources */ = {isa = PBXBuildFile; fileRef = 63E32B192357F2A40057DE34 /* FilterRegionCollectionViewCell.swift */; };
		63E32B1D2357F3260057DE34 /* FilterClassCollectionViewCell.swift in Sources */ = {isa = PBXBuildFile; fileRef = 63E32B1C2357F3260057DE34 /* FilterClassCollectionViewCell.swift */; };
		63E32B1F2357F3350057DE34 /* FilterDistanceCollectionViewCell.swift in Sources */ = {isa = PBXBuildFile; fileRef = 63E32B1E2357F3350057DE34 /* FilterDistanceCollectionViewCell.swift */; };
		63E90EAD22EAA14700C8DAA3 /* DefaultsManager.swift in Sources */ = {isa = PBXBuildFile; fileRef = 63E90EAC22EAA14700C8DAA3 /* DefaultsManager.swift */; };
		63E90EBC22EAAF2700C8DAA3 /* Fonts.swift in Sources */ = {isa = PBXBuildFile; fileRef = 63E90EB922EAAF2700C8DAA3 /* Fonts.swift */; };
		63E90EBD22EAAF2700C8DAA3 /* Segues.swift in Sources */ = {isa = PBXBuildFile; fileRef = 63E90EBA22EAAF2700C8DAA3 /* Segues.swift */; };
		63E90EC022EAB5CC00C8DAA3 /* OpenSans-Regular.ttf in Resources */ = {isa = PBXBuildFile; fileRef = 63E90EBE22EAB5CC00C8DAA3 /* OpenSans-Regular.ttf */; };
		63E90EC122EAB5CC00C8DAA3 /* OpenSans-SemiBold.ttf in Resources */ = {isa = PBXBuildFile; fileRef = 63E90EBF22EAB5CC00C8DAA3 /* OpenSans-SemiBold.ttf */; };
		63EDA74F24B3F5AF0020382A /* GaugeMetrics.graphql in Resources */ = {isa = PBXBuildFile; fileRef = 63EDA74E24B3F5AF0020382A /* GaugeMetrics.graphql */; };
		63EDA75124B4DAF10020382A /* reaches.graphql in Resources */ = {isa = PBXBuildFile; fileRef = 63EDA75024B4DAF10020382A /* reaches.graphql */; };
		63F712E2238869A50047C8F0 /* UIImage+Color.swift in Sources */ = {isa = PBXBuildFile; fileRef = 63F712E1238869A50047C8F0 /* UIImage+Color.swift */; };
		63F712E4238869EB0047C8F0 /* UISegmentControl+PreiOS13.swift in Sources */ = {isa = PBXBuildFile; fileRef = 63F712E3238869EB0047C8F0 /* UISegmentControl+PreiOS13.swift */; };
		63F87AD5236A923D0005AA0B /* AWReachDetail.swift in Sources */ = {isa = PBXBuildFile; fileRef = 63F87AD4236A923D0005AA0B /* AWReachDetail.swift */; };
		63FF68B925ACEE0700AF0F37 /* GageForRunCell.swift in Sources */ = {isa = PBXBuildFile; fileRef = 63FF68B825ACEE0700AF0F37 /* GageForRunCell.swift */; };
		63FF68BF25ACF29700AF0F37 /* GageDetailsCell.swift in Sources */ = {isa = PBXBuildFile; fileRef = 63FF68BE25ACF29700AF0F37 /* GageDetailsCell.swift */; };
		63FF68C525ACF2A900AF0F37 /* GageGraphCell.swift in Sources */ = {isa = PBXBuildFile; fileRef = 63FF68C425ACF2A900AF0F37 /* GageGraphCell.swift */; };
		63FF68FE25AE249100AF0F37 /* ChartXAxisFormatter.swift in Sources */ = {isa = PBXBuildFile; fileRef = 63FF68FD25AE249100AF0F37 /* ChartXAxisFormatter.swift */; };
		8222C7A33AF93FD8DF4B96A1 /* Pods_OneSignalNotificationServiceExtension.framework in Frameworks */ = {isa = PBXBuildFile; fileRef = EF7C1C4D5C1D7A62181BBA5D /* Pods_OneSignalNotificationServiceExtension.framework */; };
/* End PBXBuildFile section */

/* Begin PBXContainerItemProxy section */
		637FF786236B33F300F18400 /* PBXContainerItemProxy */ = {
			isa = PBXContainerItemProxy;
			containerPortal = 63387B5722CDBFFC0089BAA8 /* Project object */;
			proxyType = 1;
			remoteGlobalIDString = 637FF780236B33F300F18400;
			remoteInfo = OneSignalNotificationServiceExtension;
		};
/* End PBXContainerItemProxy section */

/* Begin PBXCopyFilesBuildPhase section */
		637FF78C236B33F300F18400 /* Embed App Extensions */ = {
			isa = PBXCopyFilesBuildPhase;
			buildActionMask = 2147483647;
			dstPath = "";
			dstSubfolderSpec = 13;
			files = (
				637FF788236B33F300F18400 /* OneSignalNotificationServiceExtension.appex in Embed App Extensions */,
			);
			name = "Embed App Extensions";
			runOnlyForDeploymentPostprocessing = 0;
		};
/* End PBXCopyFilesBuildPhase section */

/* Begin PBXFileReference section */
		2FE342CD26A1FF8100352D1E /* UIViewController+Toast.swift */ = {isa = PBXFileReference; lastKnownFileType = sourcecode.swift; path = "UIViewController+Toast.swift"; sourceTree = "<group>"; };
		2FE342CF26A2846100352D1E /* Location.swift */ = {isa = PBXFileReference; lastKnownFileType = sourcecode.swift; path = Location.swift; sourceTree = "<group>"; };
		4A36D1E626A6749E00C85B79 /* UIImagePickerController+FullResolutionEditedImage.swift */ = {isa = PBXFileReference; lastKnownFileType = sourcecode.swift; path = "UIImagePickerController+FullResolutionEditedImage.swift"; sourceTree = "<group>"; };
		4AC4BB5826A0F5B50058D8B7 /* NewsArticle+CoreDataClass.swift */ = {isa = PBXFileReference; fileEncoding = 4; lastKnownFileType = sourcecode.swift; path = "NewsArticle+CoreDataClass.swift"; sourceTree = "<group>"; };
		4AC4BB5926A0F5B50058D8B7 /* NewsArticle+CoreDataProperties.swift */ = {isa = PBXFileReference; fileEncoding = 4; lastKnownFileType = sourcecode.swift; path = "NewsArticle+CoreDataProperties.swift"; sourceTree = "<group>"; };
		630586632350428800A436BE /* RunRapidDetailsTableViewController.swift */ = {isa = PBXFileReference; lastKnownFileType = sourcecode.swift; path = RunRapidDetailsTableViewController.swift; sourceTree = "<group>"; };
		63081BF6236B2E7500FC3823 /* AW.entitlements */ = {isa = PBXFileReference; lastKnownFileType = text.plist.entitlements; path = AW.entitlements; sourceTree = "<group>"; };
		63081BF7236B2EDE00FC3823 /* GoogleService-Info.plist */ = {isa = PBXFileReference; fileEncoding = 4; lastKnownFileType = text.plist.xml; path = "GoogleService-Info.plist"; sourceTree = "<group>"; };
		63081BF9236B2F8500FC3823 /* OpenTerminal.sh */ = {isa = PBXFileReference; lastKnownFileType = text.script.sh; path = OpenTerminal.sh; sourceTree = "<group>"; };
		630F3D212465F4160077130D /* NanoID.swift */ = {isa = PBXFileReference; lastKnownFileType = sourcecode.swift; path = NanoID.swift; sourceTree = "<group>"; };
		630F7EC725C3439000F17D8A /* LoadingRiversCell.swift */ = {isa = PBXFileReference; lastKnownFileType = sourcecode.swift; path = LoadingRiversCell.swift; sourceTree = "<group>"; };
		63164493246C07C700807E19 /* UIRefreshControl+ManualRefresh.swift */ = {isa = PBXFileReference; lastKnownFileType = sourcecode.swift; path = "UIRefreshControl+ManualRefresh.swift"; sourceTree = "<group>"; };
		63164495246C08AA00807E19 /* AWProgress.swift */ = {isa = PBXFileReference; lastKnownFileType = sourcecode.swift; path = AWProgress.swift; sourceTree = "<group>"; };
		63164497246C1C6D00807E19 /* UITextView+HTML.swift */ = {isa = PBXFileReference; lastKnownFileType = sourcecode.swift; path = "UITextView+HTML.swift"; sourceTree = "<group>"; };
		63164499246C29A600807E19 /* photos.graphql */ = {isa = PBXFileReference; lastKnownFileType = text; path = photos.graphql; sourceTree = "<group>"; };
		6316449A246C422100807E19 /* createPhotos.graphql */ = {isa = PBXFileReference; lastKnownFileType = text; path = createPhotos.graphql; sourceTree = "<group>"; };
		6316449B246CAAD100807E19 /* awLocal.png */ = {isa = PBXFileReference; lastKnownFileType = image.png; path = awLocal.png; sourceTree = "<group>"; };
		6316449D246CAE3A00807E19 /* awLocal2.jpg */ = {isa = PBXFileReference; lastKnownFileType = image.jpeg; path = awLocal2.jpg; sourceTree = "<group>"; };
		6316449F246ED6B100807E19 /* UIImage+AsyncURLLoad.swift */ = {isa = PBXFileReference; lastKnownFileType = sourcecode.swift; path = "UIImage+AsyncURLLoad.swift"; sourceTree = "<group>"; };
		631644A1246ED80B00807E19 /* UIButton+UrlImageLoad.swift */ = {isa = PBXFileReference; lastKnownFileType = sourcecode.swift; path = "UIButton+UrlImageLoad.swift"; sourceTree = "<group>"; };
		631B3572237C722200738889 /* OpenSans-ExtraBoldItalic.ttf */ = {isa = PBXFileReference; lastKnownFileType = file; path = "OpenSans-ExtraBoldItalic.ttf"; sourceTree = "<group>"; };
		631EFF9723677C4000BA17F7 /* Article+CoreDataClass.swift */ = {isa = PBXFileReference; fileEncoding = 4; lastKnownFileType = sourcecode.swift; path = "Article+CoreDataClass.swift"; sourceTree = "<group>"; };
		631EFF9823677C4000BA17F7 /* Article+CoreDataProperties.swift */ = {isa = PBXFileReference; fileEncoding = 4; lastKnownFileType = sourcecode.swift; path = "Article+CoreDataProperties.swift"; sourceTree = "<group>"; };
		631EFF9B23677C8800BA17F7 /* Reach+CoreDataClass.swift */ = {isa = PBXFileReference; fileEncoding = 4; lastKnownFileType = sourcecode.swift; path = "Reach+CoreDataClass.swift"; sourceTree = "<group>"; };
		631EFF9F23677CB600BA17F7 /* Rapid+CoreDataClass.swift */ = {isa = PBXFileReference; fileEncoding = 4; lastKnownFileType = sourcecode.swift; path = "Rapid+CoreDataClass.swift"; sourceTree = "<group>"; };
		631EFFA023677CB600BA17F7 /* Rapid+CoreDataProperties.swift */ = {isa = PBXFileReference; fileEncoding = 4; lastKnownFileType = sourcecode.swift; path = "Rapid+CoreDataProperties.swift"; sourceTree = "<group>"; };
		631EFFA32367842300BA17F7 /* DifficultyHelper.swift */ = {isa = PBXFileReference; lastKnownFileType = sourcecode.swift; path = DifficultyHelper.swift; sourceTree = "<group>"; };
		631EFFAA23688A3600BA17F7 /* Reach+CoreDataProperties.swift */ = {isa = PBXFileReference; fileEncoding = 4; lastKnownFileType = sourcecode.swift; path = "Reach+CoreDataProperties.swift"; sourceTree = "<group>"; };
		63203C0D23694BFF006A4148 /* Reach.swift */ = {isa = PBXFileReference; fileEncoding = 4; lastKnownFileType = sourcecode.swift; path = Reach.swift; sourceTree = "<group>"; };
		63203C0F23694C59006A4148 /* Runnable.swift */ = {isa = PBXFileReference; fileEncoding = 4; lastKnownFileType = sourcecode.swift; path = Runnable.swift; sourceTree = "<group>"; };
		63309E31233D965500E6DBC4 /* AboutAWViewController.swift */ = {isa = PBXFileReference; lastKnownFileType = sourcecode.swift; path = AboutAWViewController.swift; sourceTree = "<group>"; };
		63309E35233DA29000E6DBC4 /* MoreTableViewController.swift */ = {isa = PBXFileReference; lastKnownFileType = sourcecode.swift; path = MoreTableViewController.swift; sourceTree = "<group>"; };
		63309E37233DA2AC00E6DBC4 /* StoreKit.framework */ = {isa = PBXFileReference; lastKnownFileType = wrapper.framework; name = StoreKit.framework; path = System/Library/Frameworks/StoreKit.framework; sourceTree = SDKROOT; };
		63309E39233DACAD00E6DBC4 /* MessageUI.framework */ = {isa = PBXFileReference; lastKnownFileType = wrapper.framework; name = MessageUI.framework; path = System/Library/Frameworks/MessageUI.framework; sourceTree = SDKROOT; };
		63309E3C233E739C00E6DBC4 /* MapViewController.swift */ = {isa = PBXFileReference; lastKnownFileType = sourcecode.swift; path = MapViewController.swift; sourceTree = "<group>"; };
		63309E3E233E73AA00E6DBC4 /* MapKit.framework */ = {isa = PBXFileReference; lastKnownFileType = wrapper.framework; name = MapKit.framework; path = System/Library/Frameworks/MapKit.framework; sourceTree = SDKROOT; };
		63309E42234166BB00E6DBC4 /* FilterViewController.swift */ = {isa = PBXFileReference; lastKnownFileType = sourcecode.swift; path = FilterViewController.swift; sourceTree = "<group>"; };
		63309E442343D9B500E6DBC4 /* NoRiversTableViewCell.swift */ = {isa = PBXFileReference; lastKnownFileType = sourcecode.swift; path = NoRiversTableViewCell.swift; sourceTree = "<group>"; };
		633117082373172100D5EEFB /* AWRapid.swift */ = {isa = PBXFileReference; lastKnownFileType = sourcecode.swift; path = AWRapid.swift; sourceTree = "<group>"; };
		63387B5F22CDBFFC0089BAA8 /* AW.app */ = {isa = PBXFileReference; explicitFileType = wrapper.application; includeInIndex = 0; path = AW.app; sourceTree = BUILT_PRODUCTS_DIR; };
		63387B6222CDBFFC0089BAA8 /* AppDelegate.swift */ = {isa = PBXFileReference; lastKnownFileType = sourcecode.swift; path = AppDelegate.swift; sourceTree = "<group>"; };
		63387B6722CDBFFC0089BAA8 /* Base */ = {isa = PBXFileReference; lastKnownFileType = file.storyboard; name = Base; path = Base.lproj/Main.storyboard; sourceTree = "<group>"; };
		63387B6922CDBFFE0089BAA8 /* Assets.xcassets */ = {isa = PBXFileReference; lastKnownFileType = folder.assetcatalog; path = Assets.xcassets; sourceTree = "<group>"; };
		63387B6C22CDBFFE0089BAA8 /* Base */ = {isa = PBXFileReference; lastKnownFileType = file.storyboard; name = Base; path = Base.lproj/LaunchScreen.storyboard; sourceTree = "<group>"; };
		63387B6E22CDBFFE0089BAA8 /* Info.plist */ = {isa = PBXFileReference; lastKnownFileType = text.plist.xml; path = Info.plist; sourceTree = "<group>"; };
		634154B825242191009DD31D /* AccountInfo.graphql */ = {isa = PBXFileReference; lastKnownFileType = text; path = AccountInfo.graphql; sourceTree = "<group>"; };
		634154C0252BDD2E009DD31D /* News.graphql */ = {isa = PBXFileReference; lastKnownFileType = text; path = News.graphql; sourceTree = "<group>"; };
		634154C4252BDE1A009DD31D /* AWGQLArticleApiHelper.swift */ = {isa = PBXFileReference; lastKnownFileType = sourcecode.swift; path = AWGQLArticleApiHelper.swift; sourceTree = "<group>"; };
		6342A3E82385A3A400B54365 /* UISearchBar+UITextFieldColor.swift */ = {isa = PBXFileReference; lastKnownFileType = sourcecode.swift; path = "UISearchBar+UITextFieldColor.swift"; sourceTree = "<group>"; };
		6342A3EA2385AD3500B54365 /* MKMapView+FitAnnotations.swift */ = {isa = PBXFileReference; lastKnownFileType = sourcecode.swift; path = "MKMapView+FitAnnotations.swift"; sourceTree = "<group>"; };
		63432D452540DA340037AA37 /* UISegmentedControl+Colors.swift */ = {isa = PBXFileReference; lastKnownFileType = sourcecode.swift; path = "UISegmentedControl+Colors.swift"; sourceTree = "<group>"; };
		63491B02232882170036A906 /* NewsTableViewCell.swift */ = {isa = PBXFileReference; lastKnownFileType = sourcecode.swift; path = NewsTableViewCell.swift; sourceTree = "<group>"; };
		63491B04232897BE0036A906 /* SingleArticleViewController.swift */ = {isa = PBXFileReference; lastKnownFileType = sourcecode.swift; path = SingleArticleViewController.swift; sourceTree = "<group>"; };
		63491B0623289A430036A906 /* WebKit.framework */ = {isa = PBXFileReference; lastKnownFileType = wrapper.framework; name = WebKit.framework; path = System/Library/Frameworks/WebKit.framework; sourceTree = SDKROOT; };
		63491B082328A1DF0036A906 /* AWReach.swift */ = {isa = PBXFileReference; lastKnownFileType = sourcecode.swift; path = AWReach.swift; sourceTree = "<group>"; };
		63491B0A2328A2250036A906 /* RunsListViewController.swift */ = {isa = PBXFileReference; lastKnownFileType = sourcecode.swift; path = RunsListViewController.swift; sourceTree = "<group>"; };
		63491B0C2328A2800036A906 /* RunsListTableViewCell.swift */ = {isa = PBXFileReference; lastKnownFileType = sourcecode.swift; path = RunsListTableViewCell.swift; sourceTree = "<group>"; };
		63491B0E2328D72D0036A906 /* UIColor+Hex.swift */ = {isa = PBXFileReference; lastKnownFileType = sourcecode.swift; path = "UIColor+Hex.swift"; sourceTree = "<group>"; };
		63491B10232933370036A906 /* RunDetailTableViewController.swift */ = {isa = PBXFileReference; lastKnownFileType = sourcecode.swift; path = RunDetailTableViewController.swift; sourceTree = "<group>"; };
		63491B15232952E30036A906 /* FavoritesViewController.swift */ = {isa = PBXFileReference; lastKnownFileType = sourcecode.swift; path = FavoritesViewController.swift; sourceTree = "<group>"; };
		635141FA2460947A00B4F974 /* AddAlertTableViewController.swift */ = {isa = PBXFileReference; lastKnownFileType = sourcecode.swift; path = AddAlertTableViewController.swift; sourceTree = "<group>"; };
		635490F1247FED720082270E /* GQLError.swift */ = {isa = PBXFileReference; lastKnownFileType = sourcecode.swift; path = GQLError.swift; sourceTree = "<group>"; };
		6375A3A02540A79F005925C1 /* GageDetailsTableViewController.swift */ = {isa = PBXFileReference; lastKnownFileType = sourcecode.swift; path = GageDetailsTableViewController.swift; sourceTree = "<group>"; };
		6376508A2487E15100DD0FCE /* ProgressViewController.swift */ = {isa = PBXFileReference; lastKnownFileType = sourcecode.swift; path = ProgressViewController.swift; sourceTree = "<group>"; };
		6376508C2487E8AB00DD0FCE /* AWProgressModal.swift */ = {isa = PBXFileReference; lastKnownFileType = sourcecode.swift; path = AWProgressModal.swift; sourceTree = "<group>"; };
		637D0736236B541000BE90D0 /* UISearchBar+BGColor.swift */ = {isa = PBXFileReference; lastKnownFileType = sourcecode.swift; path = "UISearchBar+BGColor.swift"; sourceTree = "<group>"; };
		637FF781236B33F300F18400 /* OneSignalNotificationServiceExtension.appex */ = {isa = PBXFileReference; explicitFileType = "wrapper.app-extension"; includeInIndex = 0; path = OneSignalNotificationServiceExtension.appex; sourceTree = BUILT_PRODUCTS_DIR; };
		637FF783236B33F300F18400 /* NotificationService.swift */ = {isa = PBXFileReference; lastKnownFileType = sourcecode.swift; path = NotificationService.swift; sourceTree = "<group>"; };
		637FF785236B33F300F18400 /* Info.plist */ = {isa = PBXFileReference; lastKnownFileType = text.plist.xml; path = Info.plist; sourceTree = "<group>"; };
		637FF78D236B357200F18400 /* OneSignalNotificationServiceExtension.entitlements */ = {isa = PBXFileReference; lastKnownFileType = text.plist.entitlements; path = OneSignalNotificationServiceExtension.entitlements; sourceTree = "<group>"; };
		638811CB23EE09780068D2A0 /* Upload-dSyms.txt */ = {isa = PBXFileReference; lastKnownFileType = text; path = "Upload-dSyms.txt"; sourceTree = "<group>"; };
		6389BFAD234CC59E00DE7D6C /* RunMapViewController.swift */ = {isa = PBXFileReference; lastKnownFileType = sourcecode.swift; path = RunMapViewController.swift; sourceTree = "<group>"; };
		6389BFAF234E311500DE7D6C /* RunMapAnnotation.swift */ = {isa = PBXFileReference; lastKnownFileType = sourcecode.swift; path = RunMapAnnotation.swift; sourceTree = "<group>"; };
		6392147725A634350042E97E /* GageInfoForReach.graphql */ = {isa = PBXFileReference; lastKnownFileType = text; path = GageInfoForReach.graphql; sourceTree = "<group>"; };
		639350C12475929900577027 /* AddRiverFlowTableViewController.swift */ = {isa = PBXFileReference; lastKnownFileType = sourcecode.swift; path = AddRiverFlowTableViewController.swift; sourceTree = "<group>"; };
		63949954246F0DD40061552C /* AwImageCell.swift */ = {isa = PBXFileReference; lastKnownFileType = sourcecode.swift; path = AwImageCell.swift; sourceTree = "<group>"; };
		63949956246F107A0061552C /* GalleryViewController.swift */ = {isa = PBXFileReference; lastKnownFileType = sourcecode.swift; path = GalleryViewController.swift; sourceTree = "<group>"; };
		63949958246F15C10061552C /* AddButtonCell.swift */ = {isa = PBXFileReference; lastKnownFileType = sourcecode.swift; path = AddButtonCell.swift; sourceTree = "<group>"; };
		6394995A246F6EA70061552C /* GlobalConfig.swift */ = {isa = PBXFileReference; lastKnownFileType = sourcecode.swift; path = GlobalConfig.swift; sourceTree = "<group>"; };
		6394995C246F82F60061552C /* ReviewPhotoTableViewController.swift */ = {isa = PBXFileReference; lastKnownFileType = sourcecode.swift; path = ReviewPhotoTableViewController.swift; sourceTree = "<group>"; };
		63A276D3242961A400EDAD69 /* SignInViewController.swift */ = {isa = PBXFileReference; lastKnownFileType = sourcecode.swift; path = SignInViewController.swift; sourceTree = "<group>"; };
		63A6FD662363EEA200148231 /* AWApiArticleHelper.swift */ = {isa = PBXFileReference; lastKnownFileType = sourcecode.swift; path = AWApiArticleHelper.swift; sourceTree = "<group>"; };
		63A6FD682367730C00148231 /* AWApiReachHelper.swift */ = {isa = PBXFileReference; lastKnownFileType = sourcecode.swift; path = AWApiReachHelper.swift; sourceTree = "<group>"; };
		63A6FD6A2367748F00148231 /* AWApiLinks.swift */ = {isa = PBXFileReference; lastKnownFileType = sourcecode.swift; path = AWApiLinks.swift; sourceTree = "<group>"; };
		63A8B17C23281A8A00FD2E00 /* AWArticle.swift */ = {isa = PBXFileReference; lastKnownFileType = sourcecode.swift; path = AWArticle.swift; sourceTree = "<group>"; };
		63B5B48E245756D40062F54B /* AlertTableViewCell.swift */ = {isa = PBXFileReference; lastKnownFileType = sourcecode.swift; path = AlertTableViewCell.swift; sourceTree = "<group>"; };
		63B5B49B2457B1300062F54B /* schema.json */ = {isa = PBXFileReference; fileEncoding = 4; lastKnownFileType = text.json; path = schema.json; sourceTree = "<group>"; };
		63B5B49D2457B2270062F54B /* AwGraphQLAPI.swift */ = {isa = PBXFileReference; fileEncoding = 4; lastKnownFileType = sourcecode.swift; name = AwGraphQLAPI.swift; path = "American Whitewater/AwGraphQLAPI.swift"; sourceTree = SOURCE_ROOT; };
		63B5B49F2457B2750062F54B /* AWGQLApiHelper.swift */ = {isa = PBXFileReference; lastKnownFileType = sourcecode.swift; path = AWGQLApiHelper.swift; sourceTree = "<group>"; };
		63B5B4A1245872550062F54B /* reach-accidents.graphql */ = {isa = PBXFileReference; lastKnownFileType = text; path = "reach-accidents.graphql"; sourceTree = "<group>"; };
		63B5B4A224589EAB0062F54B /* RunAccidentsViewController.swift */ = {isa = PBXFileReference; lastKnownFileType = sourcecode.swift; path = RunAccidentsViewController.swift; sourceTree = "<group>"; };
		63B5B4A424589EC40062F54B /* AccidentTableViewCell.swift */ = {isa = PBXFileReference; lastKnownFileType = sourcecode.swift; path = AccidentTableViewCell.swift; sourceTree = "<group>"; };
		63B5B4A624591A460062F54B /* RunAccidentDetailsTableViewController.swift */ = {isa = PBXFileReference; lastKnownFileType = sourcecode.swift; path = RunAccidentDetailsTableViewController.swift; sourceTree = "<group>"; };
		63B5B4A82459298F0062F54B /* UILabel+HTML.swift */ = {isa = PBXFileReference; lastKnownFileType = sourcecode.swift; path = "UILabel+HTML.swift"; sourceTree = "<group>"; };
		63B5B4AA245939650062F54B /* alerts.graphql */ = {isa = PBXFileReference; lastKnownFileType = text; path = alerts.graphql; sourceTree = "<group>"; };
		63B5B4AB2459CB3B0062F54B /* AWImagePicker.swift */ = {isa = PBXFileReference; lastKnownFileType = sourcecode.swift; path = AWImagePicker.swift; sourceTree = "<group>"; };
		63C1DAC0235FEEFA00587A20 /* AmericanWhitewater.xcdatamodel */ = {isa = PBXFileReference; lastKnownFileType = wrapper.xcdatamodel; path = AmericanWhitewater.xcdatamodel; sourceTree = "<group>"; };
		63CB41BF24905B6500CCFFD5 /* WhatsNewViewController.swift */ = {isa = PBXFileReference; lastKnownFileType = sourcecode.swift; path = WhatsNewViewController.swift; sourceTree = "<group>"; };
		63D7BD142319774500935693 /* Regions.swift */ = {isa = PBXFileReference; lastKnownFileType = sourcecode.swift; path = Regions.swift; sourceTree = "<group>"; };
		63D7BD162319980600935693 /* OnboardLocationViewController.swift */ = {isa = PBXFileReference; lastKnownFileType = sourcecode.swift; path = OnboardLocationViewController.swift; sourceTree = "<group>"; };
		63D7BD1823199D1900935693 /* DuffekDialog.swift */ = {isa = PBXFileReference; lastKnownFileType = sourcecode.swift; path = DuffekDialog.swift; sourceTree = "<group>"; };
		63D7BD1E231A205500935693 /* NewsTableViewController.swift */ = {isa = PBXFileReference; lastKnownFileType = sourcecode.swift; path = NewsTableViewController.swift; sourceTree = "<group>"; };
		63DEE01C24ABB35600638E84 /* RiverFlowsViewController.swift */ = {isa = PBXFileReference; lastKnownFileType = sourcecode.swift; path = RiverFlowsViewController.swift; sourceTree = "<group>"; };
		63DEE01E24ABB3EC00638E84 /* RiverFlowCell.swift */ = {isa = PBXFileReference; lastKnownFileType = sourcecode.swift; path = RiverFlowCell.swift; sourceTree = "<group>"; };
		63DEE02224AE7FB700638E84 /* Observations.graphql */ = {isa = PBXFileReference; lastKnownFileType = text; path = Observations.graphql; sourceTree = "<group>"; };
		63DEF1B02450A7BF0034E3CF /* RunAlertsViewController.swift */ = {isa = PBXFileReference; lastKnownFileType = sourcecode.swift; path = RunAlertsViewController.swift; sourceTree = "<group>"; };
		63E0B22B23A3EDDE00A348FC /* MKMapView+FitAll.swift */ = {isa = PBXFileReference; lastKnownFileType = sourcecode.swift; path = "MKMapView+FitAll.swift"; sourceTree = "<group>"; };
		63E32B192357F2A40057DE34 /* FilterRegionCollectionViewCell.swift */ = {isa = PBXFileReference; lastKnownFileType = sourcecode.swift; path = FilterRegionCollectionViewCell.swift; sourceTree = "<group>"; };
		63E32B1C2357F3260057DE34 /* FilterClassCollectionViewCell.swift */ = {isa = PBXFileReference; lastKnownFileType = sourcecode.swift; path = FilterClassCollectionViewCell.swift; sourceTree = "<group>"; };
		63E32B1E2357F3350057DE34 /* FilterDistanceCollectionViewCell.swift */ = {isa = PBXFileReference; lastKnownFileType = sourcecode.swift; path = FilterDistanceCollectionViewCell.swift; sourceTree = "<group>"; };
		63E90EAC22EAA14700C8DAA3 /* DefaultsManager.swift */ = {isa = PBXFileReference; lastKnownFileType = sourcecode.swift; path = DefaultsManager.swift; sourceTree = "<group>"; };
		63E90EB922EAAF2700C8DAA3 /* Fonts.swift */ = {isa = PBXFileReference; fileEncoding = 4; lastKnownFileType = sourcecode.swift; path = Fonts.swift; sourceTree = "<group>"; };
		63E90EBA22EAAF2700C8DAA3 /* Segues.swift */ = {isa = PBXFileReference; fileEncoding = 4; lastKnownFileType = sourcecode.swift; path = Segues.swift; sourceTree = "<group>"; };
		63E90EBE22EAB5CC00C8DAA3 /* OpenSans-Regular.ttf */ = {isa = PBXFileReference; lastKnownFileType = file; path = "OpenSans-Regular.ttf"; sourceTree = "<group>"; };
		63E90EBF22EAB5CC00C8DAA3 /* OpenSans-SemiBold.ttf */ = {isa = PBXFileReference; lastKnownFileType = file; path = "OpenSans-SemiBold.ttf"; sourceTree = "<group>"; };
		63EDA74E24B3F5AF0020382A /* GaugeMetrics.graphql */ = {isa = PBXFileReference; lastKnownFileType = text; path = GaugeMetrics.graphql; sourceTree = "<group>"; };
		63EDA75024B4DAF10020382A /* reaches.graphql */ = {isa = PBXFileReference; lastKnownFileType = text; path = reaches.graphql; sourceTree = "<group>"; };
		63F712E1238869A50047C8F0 /* UIImage+Color.swift */ = {isa = PBXFileReference; lastKnownFileType = sourcecode.swift; path = "UIImage+Color.swift"; sourceTree = "<group>"; };
		63F712E3238869EB0047C8F0 /* UISegmentControl+PreiOS13.swift */ = {isa = PBXFileReference; lastKnownFileType = sourcecode.swift; path = "UISegmentControl+PreiOS13.swift"; sourceTree = "<group>"; };
		63F87AD4236A923D0005AA0B /* AWReachDetail.swift */ = {isa = PBXFileReference; lastKnownFileType = sourcecode.swift; path = AWReachDetail.swift; sourceTree = "<group>"; };
		63FF68B825ACEE0700AF0F37 /* GageForRunCell.swift */ = {isa = PBXFileReference; lastKnownFileType = sourcecode.swift; path = GageForRunCell.swift; sourceTree = "<group>"; };
		63FF68BE25ACF29700AF0F37 /* GageDetailsCell.swift */ = {isa = PBXFileReference; lastKnownFileType = sourcecode.swift; path = GageDetailsCell.swift; sourceTree = "<group>"; };
		63FF68C425ACF2A900AF0F37 /* GageGraphCell.swift */ = {isa = PBXFileReference; lastKnownFileType = sourcecode.swift; path = GageGraphCell.swift; sourceTree = "<group>"; };
		63FF68FD25AE249100AF0F37 /* ChartXAxisFormatter.swift */ = {isa = PBXFileReference; lastKnownFileType = sourcecode.swift; path = ChartXAxisFormatter.swift; sourceTree = "<group>"; };
		65E877CED14ADC6BDB5FF406 /* Pods-American Whitewater.debug.xcconfig */ = {isa = PBXFileReference; includeInIndex = 1; lastKnownFileType = text.xcconfig; name = "Pods-American Whitewater.debug.xcconfig"; path = "Target Support Files/Pods-American Whitewater/Pods-American Whitewater.debug.xcconfig"; sourceTree = "<group>"; };
		70CBD677B582500887F2048A /* Pods-OneSignalNotificationServiceExtension.release.xcconfig */ = {isa = PBXFileReference; includeInIndex = 1; lastKnownFileType = text.xcconfig; name = "Pods-OneSignalNotificationServiceExtension.release.xcconfig"; path = "Target Support Files/Pods-OneSignalNotificationServiceExtension/Pods-OneSignalNotificationServiceExtension.release.xcconfig"; sourceTree = "<group>"; };
		9C2C42AD446583582644A912 /* Pods-OneSignalNotificationServiceExtension.debug.xcconfig */ = {isa = PBXFileReference; includeInIndex = 1; lastKnownFileType = text.xcconfig; name = "Pods-OneSignalNotificationServiceExtension.debug.xcconfig"; path = "Target Support Files/Pods-OneSignalNotificationServiceExtension/Pods-OneSignalNotificationServiceExtension.debug.xcconfig"; sourceTree = "<group>"; };
		A3867C1633B5FEED2F4D6BE1 /* Pods-American Whitewater.release.xcconfig */ = {isa = PBXFileReference; includeInIndex = 1; lastKnownFileType = text.xcconfig; name = "Pods-American Whitewater.release.xcconfig"; path = "Target Support Files/Pods-American Whitewater/Pods-American Whitewater.release.xcconfig"; sourceTree = "<group>"; };
		A750E2F24748D3B54A1DEB84 /* Pods_American_Whitewater.framework */ = {isa = PBXFileReference; explicitFileType = wrapper.framework; includeInIndex = 0; path = Pods_American_Whitewater.framework; sourceTree = BUILT_PRODUCTS_DIR; };
		EF7C1C4D5C1D7A62181BBA5D /* Pods_OneSignalNotificationServiceExtension.framework */ = {isa = PBXFileReference; explicitFileType = wrapper.framework; includeInIndex = 0; path = Pods_OneSignalNotificationServiceExtension.framework; sourceTree = BUILT_PRODUCTS_DIR; };
/* End PBXFileReference section */

/* Begin PBXFrameworksBuildPhase section */
		63387B5C22CDBFFC0089BAA8 /* Frameworks */ = {
			isa = PBXFrameworksBuildPhase;
			buildActionMask = 2147483647;
			files = (
				63309E38233DA2AC00E6DBC4 /* StoreKit.framework in Frameworks */,
				63B5B492245770270062F54B /* Apollo in Frameworks */,
				63491B0723289A440036A906 /* WebKit.framework in Frameworks */,
				63309E3F233E73AA00E6DBC4 /* MapKit.framework in Frameworks */,
				63B5B494245770270062F54B /* ApolloWebSocket in Frameworks */,
				63309E3A233DACAD00E6DBC4 /* MessageUI.framework in Frameworks */,
				4760DD5C0E5548BBA92D25AF /* Pods_American_Whitewater.framework in Frameworks */,
			);
			runOnlyForDeploymentPostprocessing = 0;
		};
		637FF77E236B33F300F18400 /* Frameworks */ = {
			isa = PBXFrameworksBuildPhase;
			buildActionMask = 2147483647;
			files = (
				8222C7A33AF93FD8DF4B96A1 /* Pods_OneSignalNotificationServiceExtension.framework in Frameworks */,
			);
			runOnlyForDeploymentPostprocessing = 0;
		};
/* End PBXFrameworksBuildPhase section */

/* Begin PBXGroup section */
		0BFB237E8159CFF108C5FEAC /* Frameworks */ = {
			isa = PBXGroup;
			children = (
				63309E3E233E73AA00E6DBC4 /* MapKit.framework */,
				63309E39233DACAD00E6DBC4 /* MessageUI.framework */,
				63309E37233DA2AC00E6DBC4 /* StoreKit.framework */,
				63491B0623289A430036A906 /* WebKit.framework */,
				A750E2F24748D3B54A1DEB84 /* Pods_American_Whitewater.framework */,
				EF7C1C4D5C1D7A62181BBA5D /* Pods_OneSignalNotificationServiceExtension.framework */,
			);
			name = Frameworks;
			sourceTree = "<group>";
		};
		57C0D2ADEDAEBE7010E98154 /* Pods */ = {
			isa = PBXGroup;
			children = (
				65E877CED14ADC6BDB5FF406 /* Pods-American Whitewater.debug.xcconfig */,
				A3867C1633B5FEED2F4D6BE1 /* Pods-American Whitewater.release.xcconfig */,
				9C2C42AD446583582644A912 /* Pods-OneSignalNotificationServiceExtension.debug.xcconfig */,
				70CBD677B582500887F2048A /* Pods-OneSignalNotificationServiceExtension.release.xcconfig */,
			);
			path = Pods;
			sourceTree = "<group>";
		};
		63309E3B233E738A00E6DBC4 /* Map */ = {
			isa = PBXGroup;
			children = (
				63309E3C233E739C00E6DBC4 /* MapViewController.swift */,
			);
			path = Map;
			sourceTree = "<group>";
		};
		63387B5622CDBFFC0089BAA8 = {
			isa = PBXGroup;
			children = (
				63387B6122CDBFFC0089BAA8 /* American Whitewater */,
				637FF782236B33F300F18400 /* OneSignalNotificationServiceExtension */,
				63387B6022CDBFFC0089BAA8 /* Products */,
				57C0D2ADEDAEBE7010E98154 /* Pods */,
				0BFB237E8159CFF108C5FEAC /* Frameworks */,
			);
			sourceTree = "<group>";
		};
		63387B6022CDBFFC0089BAA8 /* Products */ = {
			isa = PBXGroup;
			children = (
				63387B5F22CDBFFC0089BAA8 /* AW.app */,
				637FF781236B33F300F18400 /* OneSignalNotificationServiceExtension.appex */,
			);
			name = Products;
			sourceTree = "<group>";
		};
		63387B6122CDBFFC0089BAA8 /* American Whitewater */ = {
			isa = PBXGroup;
			children = (
				6316449B246CAAD100807E19 /* awLocal.png */,
				6316449D246CAE3A00807E19 /* awLocal2.jpg */,
				63E90EAE22EAA28900C8DAA3 /* Etc */,
				63E90EB122EAA32300C8DAA3 /* Models */,
				63E90EB222EAA33100C8DAA3 /* ViewControllers */,
				63E90EB722EAA3D500C8DAA3 /* Helpers */,
				63E90EAF22EAA30900C8DAA3 /* Extensions */,
				63387B6222CDBFFC0089BAA8 /* AppDelegate.swift */,
				63387B6622CDBFFC0089BAA8 /* Main.storyboard */,
				63387B6B22CDBFFE0089BAA8 /* LaunchScreen.storyboard */,
				63081BF6236B2E7500FC3823 /* AW.entitlements */,
				63387B6E22CDBFFE0089BAA8 /* Info.plist */,
				63B5B49B2457B1300062F54B /* schema.json */,
				63081BF7236B2EDE00FC3823 /* GoogleService-Info.plist */,
				63387B6922CDBFFE0089BAA8 /* Assets.xcassets */,
			);
			path = "American Whitewater";
			sourceTree = "<group>";
		};
		63491B14232952C30036A906 /* Favorites */ = {
			isa = PBXGroup;
			children = (
				63491B15232952E30036A906 /* FavoritesViewController.swift */,
			);
			path = Favorites;
			sourceTree = "<group>";
		};
		637FF782236B33F300F18400 /* OneSignalNotificationServiceExtension */ = {
			isa = PBXGroup;
			children = (
				637FF78D236B357200F18400 /* OneSignalNotificationServiceExtension.entitlements */,
				637FF783236B33F300F18400 /* NotificationService.swift */,
				637FF785236B33F300F18400 /* Info.plist */,
			);
			path = OneSignalNotificationServiceExtension;
			sourceTree = "<group>";
		};
		638151EA24B3889E0080E77D /* RiverFlowControllers */ = {
			isa = PBXGroup;
			children = (
				63DEE01C24ABB35600638E84 /* RiverFlowsViewController.swift */,
				639350C12475929900577027 /* AddRiverFlowTableViewController.swift */,
				63DEE01E24ABB3EC00638E84 /* RiverFlowCell.swift */,
			);
			path = RiverFlowControllers;
			sourceTree = "<group>";
		};
		63B5B4982457AE800062F54B /* GraphQL */ = {
			isa = PBXGroup;
			children = (
				63B5B49F2457B2750062F54B /* AWGQLApiHelper.swift */,
				634154C4252BDE1A009DD31D /* AWGQLArticleApiHelper.swift */,
				635490F1247FED720082270E /* GQLError.swift */,
				63B5B4A1245872550062F54B /* reach-accidents.graphql */,
				63B5B4AA245939650062F54B /* alerts.graphql */,
				63164499246C29A600807E19 /* photos.graphql */,
				6316449A246C422100807E19 /* createPhotos.graphql */,
				63EDA75024B4DAF10020382A /* reaches.graphql */,
				63DEE02224AE7FB700638E84 /* Observations.graphql */,
				63EDA74E24B3F5AF0020382A /* GaugeMetrics.graphql */,
				6392147725A634350042E97E /* GageInfoForReach.graphql */,
				634154B825242191009DD31D /* AccountInfo.graphql */,
				634154C0252BDD2E009DD31D /* News.graphql */,
				63B5B49D2457B2270062F54B /* AwGraphQLAPI.swift */,
			);
			path = GraphQL;
			sourceTree = "<group>";
		};
		63D4FEBE2474DD2B0065E216 /* GalleryViewControllers */ = {
			isa = PBXGroup;
			children = (
				63949956246F107A0061552C /* GalleryViewController.swift */,
				6394995C246F82F60061552C /* ReviewPhotoTableViewController.swift */,
				63949954246F0DD40061552C /* AwImageCell.swift */,
				63949958246F15C10061552C /* AddButtonCell.swift */,
			);
			path = GalleryViewControllers;
			sourceTree = "<group>";
		};
		63D4FEBF2474DD4E0065E216 /* AccidentsViewControllers */ = {
			isa = PBXGroup;
			children = (
				63B5B4A224589EAB0062F54B /* RunAccidentsViewController.swift */,
				63B5B4A424589EC40062F54B /* AccidentTableViewCell.swift */,
				63B5B4A624591A460062F54B /* RunAccidentDetailsTableViewController.swift */,
			);
			path = AccidentsViewControllers;
			sourceTree = "<group>";
		};
		63D4FEC02474DD730065E216 /* AlertsViewControllers */ = {
			isa = PBXGroup;
			children = (
				63DEF1B02450A7BF0034E3CF /* RunAlertsViewController.swift */,
				63B5B48E245756D40062F54B /* AlertTableViewCell.swift */,
				635141FA2460947A00B4F974 /* AddAlertTableViewController.swift */,
			);
			path = AlertsViewControllers;
			sourceTree = "<group>";
		};
		63E32B1B2357F2B80057DE34 /* Filtering */ = {
			isa = PBXGroup;
			children = (
				63309E42234166BB00E6DBC4 /* FilterViewController.swift */,
				63E32B192357F2A40057DE34 /* FilterRegionCollectionViewCell.swift */,
				63E32B1C2357F3260057DE34 /* FilterClassCollectionViewCell.swift */,
				63E32B1E2357F3350057DE34 /* FilterDistanceCollectionViewCell.swift */,
			);
			path = Filtering;
			sourceTree = "<group>";
		};
		63E90EAE22EAA28900C8DAA3 /* Etc */ = {
			isa = PBXGroup;
			children = (
				63E90EC222EAB5D100C8DAA3 /* fonts */,
				63E90EB922EAAF2700C8DAA3 /* Fonts.swift */,
				63E90EBA22EAAF2700C8DAA3 /* Segues.swift */,
				6394995A246F6EA70061552C /* GlobalConfig.swift */,
			);
			path = Etc;
			sourceTree = "<group>";
		};
		63E90EAF22EAA30900C8DAA3 /* Extensions */ = {
			isa = PBXGroup;
			children = (
				4A36D1E626A6749E00C85B79 /* UIImagePickerController+FullResolutionEditedImage.swift */,
				63203C0D23694BFF006A4148 /* Reach.swift */,
				63491B0E2328D72D0036A906 /* UIColor+Hex.swift */,
				637D0736236B541000BE90D0 /* UISearchBar+BGColor.swift */,
				6342A3E82385A3A400B54365 /* UISearchBar+UITextFieldColor.swift */,
				6342A3EA2385AD3500B54365 /* MKMapView+FitAnnotations.swift */,
				63E0B22B23A3EDDE00A348FC /* MKMapView+FitAll.swift */,
				63081BF9236B2F8500FC3823 /* OpenTerminal.sh */,
				63F712E1238869A50047C8F0 /* UIImage+Color.swift */,
				63F712E3238869EB0047C8F0 /* UISegmentControl+PreiOS13.swift */,
				63164497246C1C6D00807E19 /* UITextView+HTML.swift */,
				63B5B4A82459298F0062F54B /* UILabel+HTML.swift */,
				631644A1246ED80B00807E19 /* UIButton+UrlImageLoad.swift */,
				6316449F246ED6B100807E19 /* UIImage+AsyncURLLoad.swift */,
				63432D452540DA340037AA37 /* UISegmentedControl+Colors.swift */,
				2FE342CD26A1FF8100352D1E /* UIViewController+Toast.swift */,
			);
			path = Extensions;
			sourceTree = "<group>";
		};
		63E90EB122EAA32300C8DAA3 /* Models */ = {
			isa = PBXGroup;
			children = (
				63203C0F23694C59006A4148 /* Runnable.swift */,
				63A8B17C23281A8A00FD2E00 /* AWArticle.swift */,
				63491B082328A1DF0036A906 /* AWReach.swift */,
				63F87AD4236A923D0005AA0B /* AWReachDetail.swift */,
				633117082373172100D5EEFB /* AWRapid.swift */,
				63C1DABF235FEEFA00587A20 /* AmericanWhitewaterV2.xcdatamodeld */,
				4AC4BB5826A0F5B50058D8B7 /* NewsArticle+CoreDataClass.swift */,
				4AC4BB5926A0F5B50058D8B7 /* NewsArticle+CoreDataProperties.swift */,
				631EFF9723677C4000BA17F7 /* Article+CoreDataClass.swift */,
				631EFF9823677C4000BA17F7 /* Article+CoreDataProperties.swift */,
				631EFF9B23677C8800BA17F7 /* Reach+CoreDataClass.swift */,
				631EFFAA23688A3600BA17F7 /* Reach+CoreDataProperties.swift */,
				631EFF9F23677CB600BA17F7 /* Rapid+CoreDataClass.swift */,
				631EFFA023677CB600BA17F7 /* Rapid+CoreDataProperties.swift */,
			);
			path = Models;
			sourceTree = "<group>";
		};
		63E90EB222EAA33100C8DAA3 /* ViewControllers */ = {
			isa = PBXGroup;
			children = (
				63E90EB322EAA34F00C8DAA3 /* OnBoard */,
				63E90EB422EAA36200C8DAA3 /* News */,
				63E90EB622EAA3B000C8DAA3 /* Reaches */,
				63491B14232952C30036A906 /* Favorites */,
				63309E3B233E738A00E6DBC4 /* Map */,
				63E90EB522EAA36A00C8DAA3 /* More */,
				63E32B1B2357F2B80057DE34 /* Filtering */,
				6376508A2487E15100DD0FCE /* ProgressViewController.swift */,
				63CB41BF24905B6500CCFFD5 /* WhatsNewViewController.swift */,
			);
			path = ViewControllers;
			sourceTree = "<group>";
		};
		63E90EB322EAA34F00C8DAA3 /* OnBoard */ = {
			isa = PBXGroup;
			children = (
				63D7BD162319980600935693 /* OnboardLocationViewController.swift */,
				63A276D3242961A400EDAD69 /* SignInViewController.swift */,
			);
			path = OnBoard;
			sourceTree = "<group>";
		};
		63E90EB422EAA36200C8DAA3 /* News */ = {
			isa = PBXGroup;
			children = (
				63D7BD1E231A205500935693 /* NewsTableViewController.swift */,
				63491B02232882170036A906 /* NewsTableViewCell.swift */,
				63491B04232897BE0036A906 /* SingleArticleViewController.swift */,
			);
			path = News;
			sourceTree = "<group>";
		};
		63E90EB522EAA36A00C8DAA3 /* More */ = {
			isa = PBXGroup;
			children = (
				63309E35233DA29000E6DBC4 /* MoreTableViewController.swift */,
				63309E31233D965500E6DBC4 /* AboutAWViewController.swift */,
			);
			path = More;
			sourceTree = "<group>";
		};
		63E90EB622EAA3B000C8DAA3 /* Reaches */ = {
			isa = PBXGroup;
			children = (
				63491B0A2328A2250036A906 /* RunsListViewController.swift */,
				63491B0C2328A2800036A906 /* RunsListTableViewCell.swift */,
				63309E442343D9B500E6DBC4 /* NoRiversTableViewCell.swift */,
				63491B10232933370036A906 /* RunDetailTableViewController.swift */,
				6389BFAD234CC59E00DE7D6C /* RunMapViewController.swift */,
				6389BFAF234E311500DE7D6C /* RunMapAnnotation.swift */,
				630586632350428800A436BE /* RunRapidDetailsTableViewController.swift */,
				63F8C13725B7141600C12F77 /* GageDetailsTableView */,
				638151EA24B3889E0080E77D /* RiverFlowControllers */,
				63D4FEC02474DD730065E216 /* AlertsViewControllers */,
				63D4FEBF2474DD4E0065E216 /* AccidentsViewControllers */,
				63D4FEBE2474DD2B0065E216 /* GalleryViewControllers */,
				630F7EC725C3439000F17D8A /* LoadingRiversCell.swift */,
			);
			path = Reaches;
			sourceTree = "<group>";
		};
		63E90EB722EAA3D500C8DAA3 /* Helpers */ = {
			isa = PBXGroup;
			children = (
				63E90EAC22EAA14700C8DAA3 /* DefaultsManager.swift */,
				63B5B4982457AE800062F54B /* GraphQL */,
				63A6FD682367730C00148231 /* AWApiReachHelper.swift */,
				63A6FD662363EEA200148231 /* AWApiArticleHelper.swift */,
				63A6FD6A2367748F00148231 /* AWApiLinks.swift */,
				63B5B4AB2459CB3B0062F54B /* AWImagePicker.swift */,
				63D7BD142319774500935693 /* Regions.swift */,
				63D7BD1823199D1900935693 /* DuffekDialog.swift */,
				631EFFA32367842300BA17F7 /* DifficultyHelper.swift */,
				638811CB23EE09780068D2A0 /* Upload-dSyms.txt */,
				630F3D212465F4160077130D /* NanoID.swift */,
				63164493246C07C700807E19 /* UIRefreshControl+ManualRefresh.swift */,
				63164495246C08AA00807E19 /* AWProgress.swift */,
				6376508C2487E8AB00DD0FCE /* AWProgressModal.swift */,
				63FF68FD25AE249100AF0F37 /* ChartXAxisFormatter.swift */,
				2FE342CF26A2846100352D1E /* Location.swift */,
			);
			path = Helpers;
			sourceTree = "<group>";
		};
		63E90EC222EAB5D100C8DAA3 /* fonts */ = {
			isa = PBXGroup;
			children = (
				63E90EBE22EAB5CC00C8DAA3 /* OpenSans-Regular.ttf */,
				63E90EBF22EAB5CC00C8DAA3 /* OpenSans-SemiBold.ttf */,
				631B3572237C722200738889 /* OpenSans-ExtraBoldItalic.ttf */,
			);
			name = fonts;
			sourceTree = "<group>";
		};
		63F8C13725B7141600C12F77 /* GageDetailsTableView */ = {
			isa = PBXGroup;
			children = (
				6375A3A02540A79F005925C1 /* GageDetailsTableViewController.swift */,
				63FF68BE25ACF29700AF0F37 /* GageDetailsCell.swift */,
				63FF68C425ACF2A900AF0F37 /* GageGraphCell.swift */,
				63FF68B825ACEE0700AF0F37 /* GageForRunCell.swift */,
			);
			path = GageDetailsTableView;
			sourceTree = "<group>";
		};
/* End PBXGroup section */

/* Begin PBXNativeTarget section */
		63387B5E22CDBFFC0089BAA8 /* American Whitewater */ = {
			isa = PBXNativeTarget;
			buildConfigurationList = 63387B7122CDBFFE0089BAA8 /* Build configuration list for PBXNativeTarget "American Whitewater" */;
			buildPhases = (
				C5A3EE7F12EB780BAA720589 /* [CP] Check Pods Manifest.lock */,
				631EFFA9236884FE00BA17F7 /* Custom Highlighting - AWTODO: & FIXME: - Run Script */,
				63B5B4952457A7800062F54B /* Apollo CLI */,
				63387B5B22CDBFFC0089BAA8 /* Sources */,
				63387B5C22CDBFFC0089BAA8 /* Frameworks */,
				63387B5D22CDBFFC0089BAA8 /* Resources */,
				E9E2B22FD2DE305D092B73A8 /* [CP] Embed Pods Frameworks */,
				637FF77C236B327400F18400 /* Run Script */,
				637FF78C236B33F300F18400 /* Embed App Extensions */,
				63162D2725658EAD00A16404 /* ShellScript */,
			);
			buildRules = (
			);
			dependencies = (
				637FF787236B33F300F18400 /* PBXTargetDependency */,
			);
			name = "American Whitewater";
			packageProductDependencies = (
				63B5B491245770270062F54B /* Apollo */,
				63B5B493245770270062F54B /* ApolloWebSocket */,
			);
			productName = "American Whitewater";
			productReference = 63387B5F22CDBFFC0089BAA8 /* AW.app */;
			productType = "com.apple.product-type.application";
		};
		637FF780236B33F300F18400 /* OneSignalNotificationServiceExtension */ = {
			isa = PBXNativeTarget;
			buildConfigurationList = 637FF789236B33F300F18400 /* Build configuration list for PBXNativeTarget "OneSignalNotificationServiceExtension" */;
			buildPhases = (
				06A0DA006D0740DB36FCB77E /* [CP] Check Pods Manifest.lock */,
				637FF77D236B33F300F18400 /* Sources */,
				637FF77E236B33F300F18400 /* Frameworks */,
				637FF77F236B33F300F18400 /* Resources */,
			);
			buildRules = (
			);
			dependencies = (
			);
			name = OneSignalNotificationServiceExtension;
			productName = OneSignalNotificationServiceExtension;
			productReference = 637FF781236B33F300F18400 /* OneSignalNotificationServiceExtension.appex */;
			productType = "com.apple.product-type.app-extension";
		};
/* End PBXNativeTarget section */

/* Begin PBXProject section */
		63387B5722CDBFFC0089BAA8 /* Project object */ = {
			isa = PBXProject;
			attributes = {
				LastSwiftUpdateCheck = 1110;
				LastUpgradeCheck = 1020;
				ORGANIZATIONNAME = "American Whitewater";
				TargetAttributes = {
					63387B5E22CDBFFC0089BAA8 = {
						CreatedOnToolsVersion = 10.2.1;
					};
					637FF780236B33F300F18400 = {
						CreatedOnToolsVersion = 11.1;
					};
				};
			};
			buildConfigurationList = 63387B5A22CDBFFC0089BAA8 /* Build configuration list for PBXProject "American Whitewater" */;
			compatibilityVersion = "Xcode 9.3";
			developmentRegion = en;
			hasScannedForEncodings = 0;
			knownRegions = (
				en,
				Base,
			);
			mainGroup = 63387B5622CDBFFC0089BAA8;
			packageReferences = (
				63B5B490245770270062F54B /* XCRemoteSwiftPackageReference "apollo-ios" */,
			);
			productRefGroup = 63387B6022CDBFFC0089BAA8 /* Products */;
			projectDirPath = "";
			projectRoot = "";
			targets = (
				63387B5E22CDBFFC0089BAA8 /* American Whitewater */,
				637FF780236B33F300F18400 /* OneSignalNotificationServiceExtension */,
			);
		};
/* End PBXProject section */

/* Begin PBXResourcesBuildPhase section */
		63387B5D22CDBFFC0089BAA8 /* Resources */ = {
			isa = PBXResourcesBuildPhase;
			buildActionMask = 2147483647;
			files = (
				6316449E246CAE3C00807E19 /* awLocal2.jpg in Resources */,
				63387B6D22CDBFFE0089BAA8 /* LaunchScreen.storyboard in Resources */,
				63387B6A22CDBFFE0089BAA8 /* Assets.xcassets in Resources */,
				638811CC23EE09780068D2A0 /* Upload-dSyms.txt in Resources */,
				634154C1252BDD2E009DD31D /* News.graphql in Resources */,
				63E90EC122EAB5CC00C8DAA3 /* OpenSans-SemiBold.ttf in Resources */,
				63081BFA236B2F8500FC3823 /* OpenTerminal.sh in Resources */,
				63DEE02324AE7FB700638E84 /* Observations.graphql in Resources */,
				63E90EC022EAB5CC00C8DAA3 /* OpenSans-Regular.ttf in Resources */,
				634154B925242191009DD31D /* AccountInfo.graphql in Resources */,
				63387B6822CDBFFC0089BAA8 /* Main.storyboard in Resources */,
				6316449C246CAAD200807E19 /* awLocal.png in Resources */,
				63081BF8236B2EDE00FC3823 /* GoogleService-Info.plist in Resources */,
				63EDA74F24B3F5AF0020382A /* GaugeMetrics.graphql in Resources */,
				6392147825A634350042E97E /* GageInfoForReach.graphql in Resources */,
				631B3573237C722200738889 /* OpenSans-ExtraBoldItalic.ttf in Resources */,
				63EDA75124B4DAF10020382A /* reaches.graphql in Resources */,
			);
			runOnlyForDeploymentPostprocessing = 0;
		};
		637FF77F236B33F300F18400 /* Resources */ = {
			isa = PBXResourcesBuildPhase;
			buildActionMask = 2147483647;
			files = (
			);
			runOnlyForDeploymentPostprocessing = 0;
		};
/* End PBXResourcesBuildPhase section */

/* Begin PBXShellScriptBuildPhase section */
		06A0DA006D0740DB36FCB77E /* [CP] Check Pods Manifest.lock */ = {
			isa = PBXShellScriptBuildPhase;
			buildActionMask = 2147483647;
			files = (
			);
			inputFileListPaths = (
			);
			inputPaths = (
				"${PODS_PODFILE_DIR_PATH}/Podfile.lock",
				"${PODS_ROOT}/Manifest.lock",
			);
			name = "[CP] Check Pods Manifest.lock";
			outputFileListPaths = (
			);
			outputPaths = (
				"$(DERIVED_FILE_DIR)/Pods-OneSignalNotificationServiceExtension-checkManifestLockResult.txt",
			);
			runOnlyForDeploymentPostprocessing = 0;
			shellPath = /bin/sh;
			shellScript = "diff \"${PODS_PODFILE_DIR_PATH}/Podfile.lock\" \"${PODS_ROOT}/Manifest.lock\" > /dev/null\nif [ $? != 0 ] ; then\n    # print error to STDERR\n    echo \"error: The sandbox is not in sync with the Podfile.lock. Run 'pod install' or update your CocoaPods installation.\" >&2\n    exit 1\nfi\n# This output is used by Xcode 'outputs' to avoid re-running this script phase.\necho \"SUCCESS\" > \"${SCRIPT_OUTPUT_FILE_0}\"\n";
			showEnvVarsInLog = 0;
		};
		63162D2725658EAD00A16404 /* ShellScript */ = {
			isa = PBXShellScriptBuildPhase;
			buildActionMask = 2147483647;
			files = (
			);
			inputFileListPaths = (
			);
			inputPaths = (
				"${DWARF_DSYM_FOLDER_PATH}/${DWARF_DSYM_FILE_NAME}/Contents/Resources/DWARF/${TARGET_NAME}",
				"$(SRCROOT)/$(BUILT_PRODUCTS_DIR)/$(INFOPLIST_PATH)",
			);
			outputFileListPaths = (
			);
			outputPaths = (
			);
			runOnlyForDeploymentPostprocessing = 0;
			shellPath = /bin/sh;
			shellScript = "# Type a script or drag a script file from your workspace to insert its path.\n\"${PODS_ROOT}/FirebaseCrashlytics/run\"\n";
		};
		631EFFA9236884FE00BA17F7 /* Custom Highlighting - AWTODO: & FIXME: - Run Script */ = {
			isa = PBXShellScriptBuildPhase;
			buildActionMask = 2147483647;
			files = (
			);
			inputFileListPaths = (
			);
			inputPaths = (
			);
			name = "Custom Highlighting - AWTODO: & FIXME: - Run Script";
			outputFileListPaths = (
			);
			outputPaths = (
			);
			runOnlyForDeploymentPostprocessing = 0;
			shellPath = /bin/sh;
			shellScript = "# Type a script or drag a script file from your workspace to insert its path.\nTAGS=\"AWTODO:|FIXME:\"\nERRORTAG=\"ERROR:\"\nfind \"${SRCROOT}\" \\( -name \"*.h\" -or -name \"*.m\" -or -name \"*.swift\" \\) -print0 | xargs -0 egrep --with-filename --line-number --only-matching \"($TAGS).*\\$|($ERRORTAG).*\\$\" | perl -p -e \"s/($TAGS)/ warning: \\$1/\" | perl -p -e \"s/($ERRORTAG)/ error: \\$1/\"\n";
		};
		637FF77C236B327400F18400 /* Run Script */ = {
			isa = PBXShellScriptBuildPhase;
			buildActionMask = 2147483647;
			files = (
			);
			inputFileListPaths = (
			);
			inputPaths = (
			);
			name = "Run Script";
			outputFileListPaths = (
			);
			outputPaths = (
			);
			runOnlyForDeploymentPostprocessing = 0;
			shellPath = /bin/sh;
			shellScript = "# Type a script or drag a script file from your workspace to insert its path.\n\"${PODS_ROOT}/FirebaseCrashlytics/run\"\n";
		};
		63B5B4952457A7800062F54B /* Apollo CLI */ = {
			isa = PBXShellScriptBuildPhase;
			buildActionMask = 2147483647;
			files = (
			);
			inputFileListPaths = (
			);
			inputPaths = (
			);
			name = "Apollo CLI";
			outputFileListPaths = (
			);
			outputPaths = (
			);
			runOnlyForDeploymentPostprocessing = 0;
			shellPath = /bin/sh;
			shellScript = "# Go to the build root and search up the chain to find the Derived Data Path where the source packages are checked out.\nDERIVED_DATA_CANDIDATE=\"${BUILD_ROOT}\"\n\nwhile ! [ -d \"${DERIVED_DATA_CANDIDATE}/SourcePackages\" ]; do\n  if [ \"${DERIVED_DATA_CANDIDATE}\" = / ]; then\n    echo >&2 \"error: Unable to locate SourcePackages directory from BUILD_ROOT: '${BUILD_ROOT}'\"\n    exit 1\n  fi\n\n  DERIVED_DATA_CANDIDATE=\"$(dirname \"${DERIVED_DATA_CANDIDATE}\")\"\ndone\n\n# Grab a reference to the directory where scripts are checked out\nSCRIPT_PATH=\"${DERIVED_DATA_CANDIDATE}/SourcePackages/checkouts/apollo-ios/scripts\"\n\nif [ -z \"${SCRIPT_PATH}\" ]; then\n    echo >&2 \"error: Couldn't find the CLI script in your checked out SPM packages; make sure to add the framework to your project.\"\n    exit 1\nfi\n\ncd \"${SRCROOT}/${TARGET_NAME}\"\n\n# Creates API.swift file for accessing GraphQL from Swift\n\"${SCRIPT_PATH}\"/run-bundled-codegen.sh codegen:generate --target=swift --includes=./**/*.graphql --localSchemaFile=\"schema.json\" AwGraphQLAPI.swift\n\n# Local Site: Used to download an updated schema.json on Local\n#\"${SCRIPT_PATH}\"/run-bundled-codegen.sh schema:download --endpoint=\"http://aw.local/graphql/\"\n\n# Beta Site: https://beta.americanwhitewater.org/graphql/ \n#\"${SCRIPT_PATH}\"/run-bundled-codegen.sh schema:download --endpoint=\"https://beta.americanwhitewater.org/graphql/\"\n\n# Live Site: https://www.americanwhitewater.org/graphql/ \n#\"${SCRIPT_PATH}\"/run-bundled-codegen.sh schema:download --endpoint=\"https://www.americanwhitewater.org/graphql/\"\n";
		};
		C5A3EE7F12EB780BAA720589 /* [CP] Check Pods Manifest.lock */ = {
			isa = PBXShellScriptBuildPhase;
			buildActionMask = 2147483647;
			files = (
			);
			inputFileListPaths = (
			);
			inputPaths = (
				"${PODS_PODFILE_DIR_PATH}/Podfile.lock",
				"${PODS_ROOT}/Manifest.lock",
			);
			name = "[CP] Check Pods Manifest.lock";
			outputFileListPaths = (
			);
			outputPaths = (
				"$(DERIVED_FILE_DIR)/Pods-American Whitewater-checkManifestLockResult.txt",
			);
			runOnlyForDeploymentPostprocessing = 0;
			shellPath = /bin/sh;
			shellScript = "diff \"${PODS_PODFILE_DIR_PATH}/Podfile.lock\" \"${PODS_ROOT}/Manifest.lock\" > /dev/null\nif [ $? != 0 ] ; then\n    # print error to STDERR\n    echo \"error: The sandbox is not in sync with the Podfile.lock. Run 'pod install' or update your CocoaPods installation.\" >&2\n    exit 1\nfi\n# This output is used by Xcode 'outputs' to avoid re-running this script phase.\necho \"SUCCESS\" > \"${SCRIPT_OUTPUT_FILE_0}\"\n";
			showEnvVarsInLog = 0;
		};
		E9E2B22FD2DE305D092B73A8 /* [CP] Embed Pods Frameworks */ = {
			isa = PBXShellScriptBuildPhase;
			buildActionMask = 2147483647;
			files = (
			);
			inputFileListPaths = (
				"${PODS_ROOT}/Target Support Files/Pods-American Whitewater/Pods-American Whitewater-frameworks-${CONFIGURATION}-input-files.xcfilelist",
			);
			name = "[CP] Embed Pods Frameworks";
			outputFileListPaths = (
				"${PODS_ROOT}/Target Support Files/Pods-American Whitewater/Pods-American Whitewater-frameworks-${CONFIGURATION}-output-files.xcfilelist",
			);
			runOnlyForDeploymentPostprocessing = 0;
			shellPath = /bin/sh;
			shellScript = "\"${PODS_ROOT}/Target Support Files/Pods-American Whitewater/Pods-American Whitewater-frameworks.sh\"\n";
			showEnvVarsInLog = 0;
		};
/* End PBXShellScriptBuildPhase section */

/* Begin PBXSourcesBuildPhase section */
		63387B5B22CDBFFC0089BAA8 /* Sources */ = {
			isa = PBXSourcesBuildPhase;
			buildActionMask = 2147483647;
			files = (
				6376508B2487E15100DD0FCE /* ProgressViewController.swift in Sources */,
				63E90EBD22EAAF2700C8DAA3 /* Segues.swift in Sources */,
				63A6FD6B2367748F00148231 /* AWApiLinks.swift in Sources */,
				6394995D246F82F70061552C /* ReviewPhotoTableViewController.swift in Sources */,
				63F87AD5236A923D0005AA0B /* AWReachDetail.swift in Sources */,
				63491B03232882170036A906 /* NewsTableViewCell.swift in Sources */,
				63491B0F2328D72D0036A906 /* UIColor+Hex.swift in Sources */,
				4AC4BB5A26A0F5B50058D8B7 /* NewsArticle+CoreDataClass.swift in Sources */,
				633117092373172100D5EEFB /* AWRapid.swift in Sources */,
				630F3D222465F4160077130D /* NanoID.swift in Sources */,
				63D7BD172319980600935693 /* OnboardLocationViewController.swift in Sources */,
				63B5B48F245756D40062F54B /* AlertTableViewCell.swift in Sources */,
				635490F2247FED730082270E /* GQLError.swift in Sources */,
				63E90EBC22EAAF2700C8DAA3 /* Fonts.swift in Sources */,
				63491B05232897BE0036A906 /* SingleArticleViewController.swift in Sources */,
				63203C0E23694BFF006A4148 /* Reach.swift in Sources */,
				63FF68B925ACEE0700AF0F37 /* GageForRunCell.swift in Sources */,
				63387B6322CDBFFC0089BAA8 /* AppDelegate.swift in Sources */,
				634154C5252BDE1A009DD31D /* AWGQLArticleApiHelper.swift in Sources */,
				63309E3D233E739C00E6DBC4 /* MapViewController.swift in Sources */,
				63E32B1D2357F3260057DE34 /* FilterClassCollectionViewCell.swift in Sources */,
				639350C22475929900577027 /* AddRiverFlowTableViewController.swift in Sources */,
				2FE342D026A2846100352D1E /* Location.swift in Sources */,
				63949955246F0DD40061552C /* AwImageCell.swift in Sources */,
				63FF68C525ACF2A900AF0F37 /* GageGraphCell.swift in Sources */,
				631EFF9A23677C4000BA17F7 /* Article+CoreDataProperties.swift in Sources */,
				6342A3E92385A3A400B54365 /* UISearchBar+UITextFieldColor.swift in Sources */,
				631EFFA42367842300BA17F7 /* DifficultyHelper.swift in Sources */,
				637D0737236B541000BE90D0 /* UISearchBar+BGColor.swift in Sources */,
				63A6FD672363EEA200148231 /* AWApiArticleHelper.swift in Sources */,
				631EFFAB23688A3600BA17F7 /* Reach+CoreDataProperties.swift in Sources */,
				63E90EAD22EAA14700C8DAA3 /* DefaultsManager.swift in Sources */,
				6342A3EB2385AD3500B54365 /* MKMapView+FitAnnotations.swift in Sources */,
				63DEE01F24ABB3EC00638E84 /* RiverFlowCell.swift in Sources */,
				63D7BD1923199D1900935693 /* DuffekDialog.swift in Sources */,
				6376508D2487E8AB00DD0FCE /* AWProgressModal.swift in Sources */,
				63309E452343D9B500E6DBC4 /* NoRiversTableViewCell.swift in Sources */,
				630F7EC825C3439000F17D8A /* LoadingRiversCell.swift in Sources */,
				631EFFA223677CB600BA17F7 /* Rapid+CoreDataProperties.swift in Sources */,
				63B5B4A324589EAB0062F54B /* RunAccidentsViewController.swift in Sources */,
				2FE342CE26A1FF8100352D1E /* UIViewController+Toast.swift in Sources */,
				4AC4BB5B26A0F5B50058D8B7 /* NewsArticle+CoreDataProperties.swift in Sources */,
				63B5B49E2457B2270062F54B /* AwGraphQLAPI.swift in Sources */,
				63D7BD1F231A205500935693 /* NewsTableViewController.swift in Sources */,
				6394995B246F6EA70061552C /* GlobalConfig.swift in Sources */,
				6389BFAE234CC59E00DE7D6C /* RunMapViewController.swift in Sources */,
				63491B11232933370036A906 /* RunDetailTableViewController.swift in Sources */,
				63C1DAC1235FEEFA00587A20 /* AmericanWhitewaterV2.xcdatamodeld in Sources */,
				63D7BD152319774500935693 /* Regions.swift in Sources */,
				63A8B17D23281A8A00FD2E00 /* AWArticle.swift in Sources */,
				6389BFB0234E311500DE7D6C /* RunMapAnnotation.swift in Sources */,
				63B5B4A724591A460062F54B /* RunAccidentDetailsTableViewController.swift in Sources */,
				63F712E4238869EB0047C8F0 /* UISegmentControl+PreiOS13.swift in Sources */,
				635141FB2460947A00B4F974 /* AddAlertTableViewController.swift in Sources */,
				63309E36233DA29000E6DBC4 /* MoreTableViewController.swift in Sources */,
				63B5B4A92459298F0062F54B /* UILabel+HTML.swift in Sources */,
				63949957246F107A0061552C /* GalleryViewController.swift in Sources */,
				631EFF9923677C4000BA17F7 /* Article+CoreDataClass.swift in Sources */,
				63432D462540DA340037AA37 /* UISegmentedControl+Colors.swift in Sources */,
				63491B0D2328A2800036A906 /* RunsListTableViewCell.swift in Sources */,
				63164494246C07C700807E19 /* UIRefreshControl+ManualRefresh.swift in Sources */,
				6375A3A12540A79F005925C1 /* GageDetailsTableViewController.swift in Sources */,
				631EFF9D23677C8900BA17F7 /* Reach+CoreDataClass.swift in Sources */,
				63DEE01D24ABB35600638E84 /* RiverFlowsViewController.swift in Sources */,
				63E32B1A2357F2A40057DE34 /* FilterRegionCollectionViewCell.swift in Sources */,
				63FF68FE25AE249100AF0F37 /* ChartXAxisFormatter.swift in Sources */,
				63309E43234166BB00E6DBC4 /* FilterViewController.swift in Sources */,
				63E32B1F2357F3350057DE34 /* FilterDistanceCollectionViewCell.swift in Sources */,
				63309E32233D965500E6DBC4 /* AboutAWViewController.swift in Sources */,
				63491B0B2328A2250036A906 /* RunsListViewController.swift in Sources */,
				63FF68BF25ACF29700AF0F37 /* GageDetailsCell.swift in Sources */,
				631644A0246ED6B100807E19 /* UIImage+AsyncURLLoad.swift in Sources */,
				631EFFA123677CB600BA17F7 /* Rapid+CoreDataClass.swift in Sources */,
				63B5B4A02457B2750062F54B /* AWGQLApiHelper.swift in Sources */,
				63B5B4A524589EC40062F54B /* AccidentTableViewCell.swift in Sources */,
				63DEF1B12450A7BF0034E3CF /* RunAlertsViewController.swift in Sources */,
				63A276D4242961A400EDAD69 /* SignInViewController.swift in Sources */,
				63164496246C08AA00807E19 /* AWProgress.swift in Sources */,
				63491B16232952E30036A906 /* FavoritesViewController.swift in Sources */,
				63203C1023694C59006A4148 /* Runnable.swift in Sources */,
				630586642350428800A436BE /* RunRapidDetailsTableViewController.swift in Sources */,
				63491B092328A1DF0036A906 /* AWReach.swift in Sources */,
				4A36D1E726A6749E00C85B79 /* UIImagePickerController+FullResolutionEditedImage.swift in Sources */,
				63164498246C1C6D00807E19 /* UITextView+HTML.swift in Sources */,
				63F712E2238869A50047C8F0 /* UIImage+Color.swift in Sources */,
				63949959246F15C10061552C /* AddButtonCell.swift in Sources */,
				63A6FD692367730C00148231 /* AWApiReachHelper.swift in Sources */,
				63CB41C024905B6500CCFFD5 /* WhatsNewViewController.swift in Sources */,
				631644A2246ED80C00807E19 /* UIButton+UrlImageLoad.swift in Sources */,
				63E0B22C23A3EDDE00A348FC /* MKMapView+FitAll.swift in Sources */,
				63B5B4AC2459CB3B0062F54B /* AWImagePicker.swift in Sources */,
			);
			runOnlyForDeploymentPostprocessing = 0;
		};
		637FF77D236B33F300F18400 /* Sources */ = {
			isa = PBXSourcesBuildPhase;
			buildActionMask = 2147483647;
			files = (
				637FF784236B33F300F18400 /* NotificationService.swift in Sources */,
			);
			runOnlyForDeploymentPostprocessing = 0;
		};
/* End PBXSourcesBuildPhase section */

/* Begin PBXTargetDependency section */
		637FF787236B33F300F18400 /* PBXTargetDependency */ = {
			isa = PBXTargetDependency;
			target = 637FF780236B33F300F18400 /* OneSignalNotificationServiceExtension */;
			targetProxy = 637FF786236B33F300F18400 /* PBXContainerItemProxy */;
		};
/* End PBXTargetDependency section */

/* Begin PBXVariantGroup section */
		63387B6622CDBFFC0089BAA8 /* Main.storyboard */ = {
			isa = PBXVariantGroup;
			children = (
				63387B6722CDBFFC0089BAA8 /* Base */,
			);
			name = Main.storyboard;
			sourceTree = "<group>";
		};
		63387B6B22CDBFFE0089BAA8 /* LaunchScreen.storyboard */ = {
			isa = PBXVariantGroup;
			children = (
				63387B6C22CDBFFE0089BAA8 /* Base */,
			);
			name = LaunchScreen.storyboard;
			sourceTree = "<group>";
		};
/* End PBXVariantGroup section */

/* Begin XCBuildConfiguration section */
		63387B6F22CDBFFE0089BAA8 /* Debug */ = {
			isa = XCBuildConfiguration;
			buildSettings = {
				ALWAYS_SEARCH_USER_PATHS = NO;
				CLANG_ANALYZER_NONNULL = YES;
				CLANG_ANALYZER_NUMBER_OBJECT_CONVERSION = YES_AGGRESSIVE;
				CLANG_CXX_LANGUAGE_STANDARD = "gnu++14";
				CLANG_CXX_LIBRARY = "libc++";
				CLANG_ENABLE_MODULES = YES;
				CLANG_ENABLE_OBJC_ARC = YES;
				CLANG_ENABLE_OBJC_WEAK = YES;
				CLANG_WARN_BLOCK_CAPTURE_AUTORELEASING = YES;
				CLANG_WARN_BOOL_CONVERSION = YES;
				CLANG_WARN_COMMA = YES;
				CLANG_WARN_CONSTANT_CONVERSION = YES;
				CLANG_WARN_DEPRECATED_OBJC_IMPLEMENTATIONS = YES;
				CLANG_WARN_DIRECT_OBJC_ISA_USAGE = YES_ERROR;
				CLANG_WARN_DOCUMENTATION_COMMENTS = YES;
				CLANG_WARN_EMPTY_BODY = YES;
				CLANG_WARN_ENUM_CONVERSION = YES;
				CLANG_WARN_INFINITE_RECURSION = YES;
				CLANG_WARN_INT_CONVERSION = YES;
				CLANG_WARN_NON_LITERAL_NULL_CONVERSION = YES;
				CLANG_WARN_OBJC_IMPLICIT_RETAIN_SELF = YES;
				CLANG_WARN_OBJC_LITERAL_CONVERSION = YES;
				CLANG_WARN_OBJC_ROOT_CLASS = YES_ERROR;
				CLANG_WARN_RANGE_LOOP_ANALYSIS = YES;
				CLANG_WARN_STRICT_PROTOTYPES = YES;
				CLANG_WARN_SUSPICIOUS_MOVE = YES;
				CLANG_WARN_UNGUARDED_AVAILABILITY = YES_AGGRESSIVE;
				CLANG_WARN_UNREACHABLE_CODE = YES;
				CLANG_WARN__DUPLICATE_METHOD_MATCH = YES;
				CODE_SIGN_IDENTITY = "iPhone Developer";
				COPY_PHASE_STRIP = NO;
				DEBUG_INFORMATION_FORMAT = "dwarf-with-dsym";
				ENABLE_STRICT_OBJC_MSGSEND = YES;
				ENABLE_TESTABILITY = YES;
				GCC_C_LANGUAGE_STANDARD = gnu11;
				GCC_DYNAMIC_NO_PIC = NO;
				GCC_NO_COMMON_BLOCKS = YES;
				GCC_OPTIMIZATION_LEVEL = 0;
				GCC_PREPROCESSOR_DEFINITIONS = (
					"DEBUG=1",
					"$(inherited)",
				);
				GCC_WARN_64_TO_32_BIT_CONVERSION = YES;
				GCC_WARN_ABOUT_RETURN_TYPE = YES_ERROR;
				GCC_WARN_UNDECLARED_SELECTOR = YES;
				GCC_WARN_UNINITIALIZED_AUTOS = YES_AGGRESSIVE;
				GCC_WARN_UNUSED_FUNCTION = YES;
				GCC_WARN_UNUSED_VARIABLE = YES;
				IPHONEOS_DEPLOYMENT_TARGET = 12.2;
				MTL_ENABLE_DEBUG_INFO = INCLUDE_SOURCE;
				MTL_FAST_MATH = YES;
				ONLY_ACTIVE_ARCH = YES;
				SDKROOT = iphoneos;
				SWIFT_ACTIVE_COMPILATION_CONDITIONS = DEBUG;
				SWIFT_OPTIMIZATION_LEVEL = "-Onone";
			};
			name = Debug;
		};
		63387B7022CDBFFE0089BAA8 /* Release */ = {
			isa = XCBuildConfiguration;
			buildSettings = {
				ALWAYS_SEARCH_USER_PATHS = NO;
				CLANG_ANALYZER_NONNULL = YES;
				CLANG_ANALYZER_NUMBER_OBJECT_CONVERSION = YES_AGGRESSIVE;
				CLANG_CXX_LANGUAGE_STANDARD = "gnu++14";
				CLANG_CXX_LIBRARY = "libc++";
				CLANG_ENABLE_MODULES = YES;
				CLANG_ENABLE_OBJC_ARC = YES;
				CLANG_ENABLE_OBJC_WEAK = YES;
				CLANG_WARN_BLOCK_CAPTURE_AUTORELEASING = YES;
				CLANG_WARN_BOOL_CONVERSION = YES;
				CLANG_WARN_COMMA = YES;
				CLANG_WARN_CONSTANT_CONVERSION = YES;
				CLANG_WARN_DEPRECATED_OBJC_IMPLEMENTATIONS = YES;
				CLANG_WARN_DIRECT_OBJC_ISA_USAGE = YES_ERROR;
				CLANG_WARN_DOCUMENTATION_COMMENTS = YES;
				CLANG_WARN_EMPTY_BODY = YES;
				CLANG_WARN_ENUM_CONVERSION = YES;
				CLANG_WARN_INFINITE_RECURSION = YES;
				CLANG_WARN_INT_CONVERSION = YES;
				CLANG_WARN_NON_LITERAL_NULL_CONVERSION = YES;
				CLANG_WARN_OBJC_IMPLICIT_RETAIN_SELF = YES;
				CLANG_WARN_OBJC_LITERAL_CONVERSION = YES;
				CLANG_WARN_OBJC_ROOT_CLASS = YES_ERROR;
				CLANG_WARN_RANGE_LOOP_ANALYSIS = YES;
				CLANG_WARN_STRICT_PROTOTYPES = YES;
				CLANG_WARN_SUSPICIOUS_MOVE = YES;
				CLANG_WARN_UNGUARDED_AVAILABILITY = YES_AGGRESSIVE;
				CLANG_WARN_UNREACHABLE_CODE = YES;
				CLANG_WARN__DUPLICATE_METHOD_MATCH = YES;
				CODE_SIGN_IDENTITY = "iPhone Developer";
				COPY_PHASE_STRIP = NO;
				DEBUG_INFORMATION_FORMAT = "dwarf-with-dsym";
				ENABLE_NS_ASSERTIONS = NO;
				ENABLE_STRICT_OBJC_MSGSEND = YES;
				GCC_C_LANGUAGE_STANDARD = gnu11;
				GCC_NO_COMMON_BLOCKS = YES;
				GCC_WARN_64_TO_32_BIT_CONVERSION = YES;
				GCC_WARN_ABOUT_RETURN_TYPE = YES_ERROR;
				GCC_WARN_UNDECLARED_SELECTOR = YES;
				GCC_WARN_UNINITIALIZED_AUTOS = YES_AGGRESSIVE;
				GCC_WARN_UNUSED_FUNCTION = YES;
				GCC_WARN_UNUSED_VARIABLE = YES;
				IPHONEOS_DEPLOYMENT_TARGET = 12.2;
				MTL_ENABLE_DEBUG_INFO = NO;
				MTL_FAST_MATH = YES;
				SDKROOT = iphoneos;
				SWIFT_COMPILATION_MODE = wholemodule;
				SWIFT_OPTIMIZATION_LEVEL = "-O";
				VALIDATE_PRODUCT = YES;
			};
			name = Release;
		};
		63387B7222CDBFFE0089BAA8 /* Debug */ = {
			isa = XCBuildConfiguration;
			baseConfigurationReference = 65E877CED14ADC6BDB5FF406 /* Pods-American Whitewater.debug.xcconfig */;
			buildSettings = {
				ALWAYS_EMBED_SWIFT_STANDARD_LIBRARIES = "$(inherited)";
				ASSETCATALOG_COMPILER_APPICON_NAME = AppIcon;
				CODE_SIGN_ENTITLEMENTS = "American Whitewater/AW.entitlements";
				CODE_SIGN_STYLE = Automatic;
				CURRENT_PROJECT_VERSION = 3;
				DEVELOPMENT_TEAM = Z2H33QQ8P7;
				INFOPLIST_FILE = "American Whitewater/Info.plist";
				IPHONEOS_DEPLOYMENT_TARGET = 11.0;
				LD_RUNPATH_SEARCH_PATHS = (
					"$(inherited)",
					"@executable_path/Frameworks",
				);
				MARKETING_VERSION = 1.3.9;
				PRODUCT_BUNDLE_IDENTIFIER = org.americanwhitewater.aw;
				PRODUCT_NAME = AW;
				SWIFT_VERSION = 5.0;
				TARGETED_DEVICE_FAMILY = "1,2";
			};
			name = Debug;
		};
		63387B7322CDBFFE0089BAA8 /* Release */ = {
			isa = XCBuildConfiguration;
			baseConfigurationReference = A3867C1633B5FEED2F4D6BE1 /* Pods-American Whitewater.release.xcconfig */;
			buildSettings = {
				ALWAYS_EMBED_SWIFT_STANDARD_LIBRARIES = "$(inherited)";
				ASSETCATALOG_COMPILER_APPICON_NAME = AppIcon;
				CODE_SIGN_ENTITLEMENTS = "American Whitewater/AW.entitlements";
				CODE_SIGN_STYLE = Automatic;
				CURRENT_PROJECT_VERSION = 3;
				DEVELOPMENT_TEAM = Z2H33QQ8P7;
				INFOPLIST_FILE = "American Whitewater/Info.plist";
				IPHONEOS_DEPLOYMENT_TARGET = 11.0;
				LD_RUNPATH_SEARCH_PATHS = (
					"$(inherited)",
					"@executable_path/Frameworks",
				);
				MARKETING_VERSION = 1.3.9;
				PRODUCT_BUNDLE_IDENTIFIER = org.americanwhitewater.aw;
				PRODUCT_NAME = AW;
				SWIFT_VERSION = 5.0;
				TARGETED_DEVICE_FAMILY = "1,2";
			};
			name = Release;
		};
		637FF78A236B33F300F18400 /* Debug */ = {
			isa = XCBuildConfiguration;
			baseConfigurationReference = 9C2C42AD446583582644A912 /* Pods-OneSignalNotificationServiceExtension.debug.xcconfig */;
			buildSettings = {
				CODE_SIGN_ENTITLEMENTS = OneSignalNotificationServiceExtension/OneSignalNotificationServiceExtension.entitlements;
				CODE_SIGN_STYLE = Automatic;
				CURRENT_PROJECT_VERSION = 3;
				DEBUG_INFORMATION_FORMAT = "dwarf-with-dsym";
				DEVELOPMENT_TEAM = Z2H33QQ8P7;
				INFOPLIST_FILE = OneSignalNotificationServiceExtension/Info.plist;
				IPHONEOS_DEPLOYMENT_TARGET = 11.0;
				LD_RUNPATH_SEARCH_PATHS = (
					"$(inherited)",
					"@executable_path/Frameworks",
					"@executable_path/../../Frameworks",
				);
				MARKETING_VERSION = 1.3.9;
				PRODUCT_BUNDLE_IDENTIFIER = org.americanwhitewater.aw.OneSignalNotificationServiceExtension;
				PRODUCT_NAME = "$(TARGET_NAME)";
				SKIP_INSTALL = YES;
				SWIFT_VERSION = 5.0;
				TARGETED_DEVICE_FAMILY = "1,2";
			};
			name = Debug;
		};
		637FF78B236B33F300F18400 /* Release */ = {
			isa = XCBuildConfiguration;
			baseConfigurationReference = 70CBD677B582500887F2048A /* Pods-OneSignalNotificationServiceExtension.release.xcconfig */;
			buildSettings = {
				CODE_SIGN_ENTITLEMENTS = OneSignalNotificationServiceExtension/OneSignalNotificationServiceExtension.entitlements;
				CODE_SIGN_STYLE = Automatic;
				CURRENT_PROJECT_VERSION = 3;
				DEVELOPMENT_TEAM = Z2H33QQ8P7;
				INFOPLIST_FILE = OneSignalNotificationServiceExtension/Info.plist;
				IPHONEOS_DEPLOYMENT_TARGET = 11.0;
				LD_RUNPATH_SEARCH_PATHS = (
					"$(inherited)",
					"@executable_path/Frameworks",
					"@executable_path/../../Frameworks",
				);
				MARKETING_VERSION = 1.3.9;
				PRODUCT_BUNDLE_IDENTIFIER = org.americanwhitewater.aw.OneSignalNotificationServiceExtension;
				PRODUCT_NAME = "$(TARGET_NAME)";
				SKIP_INSTALL = YES;
				SWIFT_VERSION = 5.0;
				TARGETED_DEVICE_FAMILY = "1,2";
			};
			name = Release;
		};
/* End XCBuildConfiguration section */

/* Begin XCConfigurationList section */
		63387B5A22CDBFFC0089BAA8 /* Build configuration list for PBXProject "American Whitewater" */ = {
			isa = XCConfigurationList;
			buildConfigurations = (
				63387B6F22CDBFFE0089BAA8 /* Debug */,
				63387B7022CDBFFE0089BAA8 /* Release */,
			);
			defaultConfigurationIsVisible = 0;
			defaultConfigurationName = Release;
		};
		63387B7122CDBFFE0089BAA8 /* Build configuration list for PBXNativeTarget "American Whitewater" */ = {
			isa = XCConfigurationList;
			buildConfigurations = (
				63387B7222CDBFFE0089BAA8 /* Debug */,
				63387B7322CDBFFE0089BAA8 /* Release */,
			);
			defaultConfigurationIsVisible = 0;
			defaultConfigurationName = Release;
		};
		637FF789236B33F300F18400 /* Build configuration list for PBXNativeTarget "OneSignalNotificationServiceExtension" */ = {
			isa = XCConfigurationList;
			buildConfigurations = (
				637FF78A236B33F300F18400 /* Debug */,
				637FF78B236B33F300F18400 /* Release */,
			);
			defaultConfigurationIsVisible = 0;
			defaultConfigurationName = Release;
		};
/* End XCConfigurationList section */

/* Begin XCRemoteSwiftPackageReference section */
		63B5B490245770270062F54B /* XCRemoteSwiftPackageReference "apollo-ios" */ = {
			isa = XCRemoteSwiftPackageReference;
			repositoryURL = "https://github.com/apollographql/apollo-ios.git";
			requirement = {
				kind = upToNextMinorVersion;
				minimumVersion = 0.26.0;
			};
		};
/* End XCRemoteSwiftPackageReference section */

/* Begin XCSwiftPackageProductDependency section */
		63B5B491245770270062F54B /* Apollo */ = {
			isa = XCSwiftPackageProductDependency;
			package = 63B5B490245770270062F54B /* XCRemoteSwiftPackageReference "apollo-ios" */;
			productName = Apollo;
		};
		63B5B493245770270062F54B /* ApolloWebSocket */ = {
			isa = XCSwiftPackageProductDependency;
			package = 63B5B490245770270062F54B /* XCRemoteSwiftPackageReference "apollo-ios" */;
			productName = ApolloWebSocket;
		};
/* End XCSwiftPackageProductDependency section */

/* Begin XCVersionGroup section */
		63C1DABF235FEEFA00587A20 /* AmericanWhitewaterV2.xcdatamodeld */ = {
			isa = XCVersionGroup;
			children = (
				63C1DAC0235FEEFA00587A20 /* AmericanWhitewater.xcdatamodel */,
			);
			currentVersion = 63C1DAC0235FEEFA00587A20 /* AmericanWhitewater.xcdatamodel */;
			path = AmericanWhitewaterV2.xcdatamodeld;
			sourceTree = "<group>";
			versionGroupType = wrapper.xcdatamodel;
		};
/* End XCVersionGroup section */
	};
	rootObject = 63387B5722CDBFFC0089BAA8 /* Project object */;
}
